// !$*UTF8*$!
{
	archiveVersion = 1;
	classes = {
	};
	objectVersion = 46;
	objects = {

/* Begin PBXAggregateTarget section */
		8D7F0A23AB17489386AC3148 /* Chorus Delay - All */ = {
			isa = PBXAggregateTarget;
			buildConfigurationList = F67FDF30EFFBF1B5DEF91CB9;
			buildPhases = (
			);
			dependencies = (
				5FF1BDC9FA2FC7DBBC608E5F,
				F3662ADB5E032BAF74334A6B,
				BF59507C32BBD5B8A3220D03,
				98374C0306FF75219103892E,
			);
			name = "Chorus Delay - All";
			productName = "Chorus Delay";
		};
/* End PBXAggregateTarget section */

/* Begin PBXBuildFile section */
		073EE56DA41F17456DE11B36 /* include_juce_gui_basics.mm */ = {isa = PBXBuildFile; fileRef = 90C2A960064B2D6F72DEB2A7; };
		07EFC69CAFE33EF4BC8BC1C8 /* VST3 */ = {isa = PBXBuildFile; fileRef = 20113C4F7DA101D3F056E722; };
		17FA479E5C4428E082FCD45E /* include_juce_graphics.mm */ = {isa = PBXBuildFile; fileRef = BD4E9709B784CB3671C3600E; };
		2168D95038DAC973B65216ED /* BlomeParameterSlider.cpp */ = {isa = PBXBuildFile; fileRef = 4ED190160A756440B178539C; };
		263858366773E682DD7DFAE8 /* BinaryData.cpp */ = {isa = PBXBuildFile; fileRef = DC142914F1BDEAD09DA17183; };
		26680513320F93C43AD744DA /* include_juce_core.mm */ = {isa = PBXBuildFile; fileRef = 4D3C85D085B744039B3214FA; };
		2B600163F1F35045E3B0963E /* BlomeDelay.cpp */ = {isa = PBXBuildFile; fileRef = AAA3D7F264D17212A8EB53FF; };
		313EB0C830523BBF2D046B9F /* include_juce_data_structures.mm */ = {isa = PBXBuildFile; fileRef = 62679F4B757EB1D36EE2CA2D; };
		32A9A9BF4D591FE54EFEEC63 /* include_juce_audio_processors_lv2_libs.cpp */ = {isa = PBXBuildFile; fileRef = C629EA8FCF0FE28633C98562; };
		39CDFD524E1AD8625CFEB485 /* DiscRecording.framework */ = {isa = PBXBuildFile; fileRef = 5EBFE11461DD7ABD3DF0B0A6; };
		3D99E46CECAC7404ADA5D82E /* RecentFilesMenuTemplate.nib */ = {isa = PBXBuildFile; fileRef = CFC4C05ADDAA02E589139289; };
		445782618778DED28F7E8CE3 /* BlomeFilter.cpp */ = {isa = PBXBuildFile; fileRef = E5A643C9A5A2908A4FE4D2D8; };
		45E51FC73E1C2D2ADF798BCA /* AudioToolbox.framework */ = {isa = PBXBuildFile; fileRef = 5791A8693DD2D2E4A01B7ED5; };
		485B4CBDE9DD00E0965661F9 /* BlomeVUMeter.cpp */ = {isa = PBXBuildFile; fileRef = 7442E4EF1B2A23EF5BE31160; };
		4A8D8F859C822413D7A0103F /* include_juce_audio_plugin_client_Standalone.cpp */ = {isa = PBXBuildFile; fileRef = 5647AF3C34F138D501ED4D88; };
		4BDA820165AFAF345A73B8B6 /* BlomeCenterPanelMenuBar.cpp */ = {isa = PBXBuildFile; fileRef = D57FE3D7F19EF78A1DB8541B; };
		4F255066F5AB01753FBE5134 /* PluginEditor.cpp */ = {isa = PBXBuildFile; fileRef = 28A07A94D6A013AB97D878BE; };
		5681A270BE2C815424187B08 /* include_juce_audio_processors.mm */ = {isa = PBXBuildFile; fileRef = 8A1041F5C48F4F7DCAE2B943; };
		59146B472769931C4769BC2F /* CoreMIDI.framework */ = {isa = PBXBuildFile; fileRef = EA8C7E96D7648DED72D98A98; };
		5CE2DE7CA8D105ECA7FC7872 /* BlomePresetManager.cpp */ = {isa = PBXBuildFile; fileRef = 21A1C8A54605986107B76E07; };
		60726016035167A72C11C63D /* WebKit.framework */ = {isa = PBXBuildFile; fileRef = 24EB63EF84EE0D6F58DFA4F3; };
		60CE60AB2A490A2B5314CC23 /* AU */ = {isa = PBXBuildFile; fileRef = 9805FD177B12EA8C44870128; };
		695B0AFCC6F609814D99BC35 /* Standalone Plugin */ = {isa = PBXBuildFile; fileRef = F8B9B8B6C40F8DCB01D16241; };
		6CBF5553E6D0C858921A1255 /* BlomeFXPanel.cpp */ = {isa = PBXBuildFile; fileRef = 7F4339EACDC733D0E042205C; };
		708CB17214992E2BCDAD5D13 /* PluginProcessor.cpp */ = {isa = PBXBuildFile; fileRef = 2D65938630D9670810F13B41; };
		736E98E8D38B6EE6B302ABA5 /* BlomeLFO.cpp */ = {isa = PBXBuildFile; fileRef = DB586971985930791C168D44; };
		77BC91CD12F7608E0F41B5D6 /* QuartzCore.framework */ = {isa = PBXBuildFile; fileRef = 39057DC0AA2C193AAE35CB36; };
		7EF3161AD3B28C368506B3E0 /* include_juce_events.mm */ = {isa = PBXBuildFile; fileRef = 4D41A7D1558136237CA9C14A; };
		85400D0301751A7E76BE20F5 /* include_juce_audio_plugin_client_AU_1.mm */ = {isa = PBXBuildFile; fileRef = 4EDF426BEC5DB7CB0E241861; };
		8B4EDDD9644231D8D0998362 /* Shared Code */ = {isa = PBXBuildFile; fileRef = 8C698B108D9437474E231ACA; };
		91B7F46F7286EC062D607039 /* Foundation.framework */ = {isa = PBXBuildFile; fileRef = 7B718426FA8B71C7DFAF495B; };
		94CBFEB9829985389D026552 /* include_juce_gui_extra.mm */ = {isa = PBXBuildFile; fileRef = D6C5D72CD909037228439A2E; };
		98BA8A830A253570CF861006 /* CoreAudio.framework */ = {isa = PBXBuildFile; fileRef = BE0F84B71E69E9568287039E; };
		A37C5C1999B879112CFD3BB7 /* Accelerate.framework */ = {isa = PBXBuildFile; fileRef = 49309308E7E27B6A64E5EF4C; };
		A65381E5E765A2CE759CDE8D /* BlomeGainPanel.cpp */ = {isa = PBXBuildFile; fileRef = 3CBFDE991AC00807128D748D; };
		ABD64CCD484A4264EB4FD975 /* AudioUnit.framework */ = {isa = PBXBuildFile; fileRef = A2BE2BD9588F0A40D48CF29A; };
		B2D9212B7095F7F9FCCA8748 /* include_juce_audio_plugin_client_utils.cpp */ = {isa = PBXBuildFile; fileRef = 18B38132F7BC978A08DF8180; };
		B4BDA8AD6D24BBA362CEDFB4 /* include_juce_audio_processors_ara.cpp */ = {isa = PBXBuildFile; fileRef = 0D161DA6A1CA12089C7C265F; };
		B8C97574B8889BA7699BC415 /* include_juce_audio_devices.mm */ = {isa = PBXBuildFile; fileRef = 2203AF40CBD32CB89AC425F1; };
		BF22E5E1B70C3F5F6BA51954 /* include_juce_dsp.mm */ = {isa = PBXBuildFile; fileRef = 29F7278E32F8F56E1E05921B; };
		C39DECFCD4CDAC809DD29172 /* include_juce_audio_basics.mm */ = {isa = PBXBuildFile; fileRef = C7B2657FD453DEB5F6BB4970; };
		D0867B5516408A880A9763C9 /* include_juce_audio_formats.mm */ = {isa = PBXBuildFile; fileRef = 06C7F9B9949939C77A223A24; };
		D6B636799B3D0E00D3500FBF /* include_juce_audio_plugin_client_ARA.cpp */ = {isa = PBXBuildFile; fileRef = AF2CE079E517334CEE412D47; };
		D76839E4CE43F23B39066D8B /* include_juce_audio_plugin_client_VST3.cpp */ = {isa = PBXBuildFile; fileRef = 6D1BBF1BD4834EC4FA4B5DD3; };
		D8D097933FE882C3ADD840F6 /* BlomeGain.cpp */ = {isa = PBXBuildFile; fileRef = 40A1C8ACAACB0F30F1E99F49; };
		DABAE155D2568EDBA6EFC773 /* BlomeTopPanel.cpp */ = {isa = PBXBuildFile; fileRef = 24D2BE03E4E50FCBB9447EB9; };
		DF9D884C1BA28B73C97080D4 /* include_juce_audio_plugin_client_AU_2.mm */ = {isa = PBXBuildFile; fileRef = 82EB4AA16E19FC5765427F29; };
		E023C4ECF60704817A1AAE58 /* BlomeCenterPanel.cpp */ = {isa = PBXBuildFile; fileRef = CF043C1A8ABCC1B2383327FE; };
		E3A521E4A6DEFE5253C29BBD /* include_juce_audio_utils.mm */ = {isa = PBXBuildFile; fileRef = F0CCA5EAF0B41F652E24CFF8; };
		E746285196BC61B1B9BB7033 /* include_juce_audio_plugin_client_VST_utils.mm */ = {isa = PBXBuildFile; fileRef = 6E9F3E72F68CDE20D5CBC3E9; };
		E8A8FA4CE4BC5A52D1FAF90D /* BlomeMainPanel.cpp */ = {isa = PBXBuildFile; fileRef = 8F244AE689EAA93C8CE91AD3; };
		F8A4E5BDC28A8029E0CBB4B2 /* BlomeParameterComboBox.cpp */ = {isa = PBXBuildFile; fileRef = 8CFCDEC63A110D7F140205F7; };
		F8F5C664253ED8ACDF072947 /* CoreAudioKit.framework */ = {isa = PBXBuildFile; fileRef = F8E96B132CF737128322FABD; };
		F9E651C020853DBFEC386D4C /* BlomePanelBase.cpp */ = {isa = PBXBuildFile; fileRef = 4C05CAFAFE5440692368DB81; };
		FED475BC8551FE7A8F05FA93 /* Cocoa.framework */ = {isa = PBXBuildFile; fileRef = B0F31E3BA52DA8B22EA5BBCA; };
		FFC1658BEC1E0ECDBCEAAE67 /* IOKit.framework */ = {isa = PBXBuildFile; fileRef = 8680FFB6F1D173EF5E3B606B; };
/* End PBXBuildFile section */

/* Begin PBXFileReference section */
		04F3A8F5389BB505EA15F679 /* juce_events */ /* juce_events */ = {isa = PBXFileReference; lastKnownFileType = folder; name = juce_events; path = /Users/jonasblome/Documents/JUCE/modules/juce_events; sourceTree = "<absolute>"; };
		06C7F9B9949939C77A223A24 /* include_juce_audio_formats.mm */ /* include_juce_audio_formats.mm */ = {isa = PBXFileReference; lastKnownFileType = sourcecode.cpp.objcpp; name = include_juce_audio_formats.mm; path = ../../JuceLibraryCode/include_juce_audio_formats.mm; sourceTree = SOURCE_ROOT; };
		0D161DA6A1CA12089C7C265F /* include_juce_audio_processors_ara.cpp */ /* include_juce_audio_processors_ara.cpp */ = {isa = PBXFileReference; lastKnownFileType = sourcecode.cpp.cpp; name = include_juce_audio_processors_ara.cpp; path = ../../JuceLibraryCode/include_juce_audio_processors_ara.cpp; sourceTree = SOURCE_ROOT; };
		0E5C776BAF04C21E2225DFC7 /* BlomeCenterPanel.h */ /* BlomeCenterPanel.h */ = {isa = PBXFileReference; lastKnownFileType = sourcecode.c.h; name = BlomeCenterPanel.h; path = ../../Source/BlomeCenterPanel.h; sourceTree = SOURCE_ROOT; };
		10E18A3EBDDB978CA2997198 /* BlomeGain.h */ /* BlomeGain.h */ = {isa = PBXFileReference; lastKnownFileType = sourcecode.c.h; name = BlomeGain.h; path = ../../Source/BlomeGain.h; sourceTree = SOURCE_ROOT; };
		1167F421A22D1106F709B66F /* BlomeCenterPanelMenuBar.h */ /* BlomeCenterPanelMenuBar.h */ = {isa = PBXFileReference; lastKnownFileType = sourcecode.c.h; name = BlomeCenterPanelMenuBar.h; path = ../../Source/BlomeCenterPanelMenuBar.h; sourceTree = SOURCE_ROOT; };
		18B38132F7BC978A08DF8180 /* include_juce_audio_plugin_client_utils.cpp */ /* include_juce_audio_plugin_client_utils.cpp */ = {isa = PBXFileReference; lastKnownFileType = sourcecode.cpp.cpp; name = include_juce_audio_plugin_client_utils.cpp; path = ../../JuceLibraryCode/include_juce_audio_plugin_client_utils.cpp; sourceTree = SOURCE_ROOT; };
		20113C4F7DA101D3F056E722 /* VST3 */ = {isa = PBXFileReference; explicitFileType = wrapper.cfbundle; includeInIndex = 0; path = "Chorus Delay.vst3"; sourceTree = BUILT_PRODUCTS_DIR; };
		21A1C8A54605986107B76E07 /* BlomePresetManager.cpp */ /* BlomePresetManager.cpp */ = {isa = PBXFileReference; lastKnownFileType = sourcecode.cpp.cpp; name = BlomePresetManager.cpp; path = ../../Source/BlomePresetManager.cpp; sourceTree = SOURCE_ROOT; };
		21B8D5E4F5D6BF675CA06A59 /* juce_audio_plugin_client */ /* juce_audio_plugin_client */ = {isa = PBXFileReference; lastKnownFileType = folder; name = juce_audio_plugin_client; path = /Users/jonasblome/Documents/JUCE/modules/juce_audio_plugin_client; sourceTree = "<absolute>"; };
		2203AF40CBD32CB89AC425F1 /* include_juce_audio_devices.mm */ /* include_juce_audio_devices.mm */ = {isa = PBXFileReference; lastKnownFileType = sourcecode.cpp.objcpp; name = include_juce_audio_devices.mm; path = ../../JuceLibraryCode/include_juce_audio_devices.mm; sourceTree = SOURCE_ROOT; };
		24D2BE03E4E50FCBB9447EB9 /* BlomeTopPanel.cpp */ /* BlomeTopPanel.cpp */ = {isa = PBXFileReference; lastKnownFileType = sourcecode.cpp.cpp; name = BlomeTopPanel.cpp; path = ../../Source/BlomeTopPanel.cpp; sourceTree = SOURCE_ROOT; };
		24EB63EF84EE0D6F58DFA4F3 /* WebKit.framework */ /* WebKit.framework */ = {isa = PBXFileReference; lastKnownFileType = wrapper.framework; name = WebKit.framework; path = System/Library/Frameworks/WebKit.framework; sourceTree = SDKROOT; };
		272CBCAC05EAD982085FDB1D /* JucePluginDefines.h */ /* JucePluginDefines.h */ = {isa = PBXFileReference; lastKnownFileType = sourcecode.c.h; name = JucePluginDefines.h; path = ../../JuceLibraryCode/JucePluginDefines.h; sourceTree = SOURCE_ROOT; };
		28A07A94D6A013AB97D878BE /* PluginEditor.cpp */ /* PluginEditor.cpp */ = {isa = PBXFileReference; lastKnownFileType = sourcecode.cpp.cpp; name = PluginEditor.cpp; path = ../../Source/PluginEditor.cpp; sourceTree = SOURCE_ROOT; };
		29F7278E32F8F56E1E05921B /* include_juce_dsp.mm */ /* include_juce_dsp.mm */ = {isa = PBXFileReference; lastKnownFileType = sourcecode.cpp.objcpp; name = include_juce_dsp.mm; path = ../../JuceLibraryCode/include_juce_dsp.mm; sourceTree = SOURCE_ROOT; };
		2D65938630D9670810F13B41 /* PluginProcessor.cpp */ /* PluginProcessor.cpp */ = {isa = PBXFileReference; lastKnownFileType = sourcecode.cpp.cpp; name = PluginProcessor.cpp; path = ../../Source/PluginProcessor.cpp; sourceTree = SOURCE_ROOT; };
		30BC51DAA907ECAF22006A2D /* juce_core */ /* juce_core */ = {isa = PBXFileReference; lastKnownFileType = folder; name = juce_core; path = /Users/jonasblome/Documents/JUCE/modules/juce_core; sourceTree = "<absolute>"; };
		3118A418D83E1A184B6FA3AC /* BlomeParameterSlider.h */ /* BlomeParameterSlider.h */ = {isa = PBXFileReference; lastKnownFileType = sourcecode.c.h; name = BlomeParameterSlider.h; path = ../../Source/BlomeParameterSlider.h; sourceTree = SOURCE_ROOT; };
		337119D37F18DE51C2CBBC2E /* juce_data_structures */ /* juce_data_structures */ = {isa = PBXFileReference; lastKnownFileType = folder; name = juce_data_structures; path = /Users/jonasblome/Documents/JUCE/modules/juce_data_structures; sourceTree = "<absolute>"; };
		39057DC0AA2C193AAE35CB36 /* QuartzCore.framework */ /* QuartzCore.framework */ = {isa = PBXFileReference; lastKnownFileType = wrapper.framework; name = QuartzCore.framework; path = System/Library/Frameworks/QuartzCore.framework; sourceTree = SDKROOT; };
		3CBFDE991AC00807128D748D /* BlomeGainPanel.cpp */ /* BlomeGainPanel.cpp */ = {isa = PBXFileReference; lastKnownFileType = sourcecode.cpp.cpp; name = BlomeGainPanel.cpp; path = ../../Source/BlomeGainPanel.cpp; sourceTree = SOURCE_ROOT; };
		3D370153D52C42B9BA240CD3 /* juce_gui_extra */ /* juce_gui_extra */ = {isa = PBXFileReference; lastKnownFileType = folder; name = juce_gui_extra; path = /Users/jonasblome/Documents/JUCE/modules/juce_gui_extra; sourceTree = "<absolute>"; };
		40A1C8ACAACB0F30F1E99F49 /* BlomeGain.cpp */ /* BlomeGain.cpp */ = {isa = PBXFileReference; lastKnownFileType = sourcecode.cpp.cpp; name = BlomeGain.cpp; path = ../../Source/BlomeGain.cpp; sourceTree = SOURCE_ROOT; };
		40AF42DAC77389C35D547991 /* juce_audio_processors */ /* juce_audio_processors */ = {isa = PBXFileReference; lastKnownFileType = folder; name = juce_audio_processors; path = /Users/jonasblome/Documents/JUCE/modules/juce_audio_processors; sourceTree = "<absolute>"; };
		49309308E7E27B6A64E5EF4C /* Accelerate.framework */ /* Accelerate.framework */ = {isa = PBXFileReference; lastKnownFileType = wrapper.framework; name = Accelerate.framework; path = System/Library/Frameworks/Accelerate.framework; sourceTree = SDKROOT; };
		4C05CAFAFE5440692368DB81 /* BlomePanelBase.cpp */ /* BlomePanelBase.cpp */ = {isa = PBXFileReference; lastKnownFileType = sourcecode.cpp.cpp; name = BlomePanelBase.cpp; path = ../../Source/BlomePanelBase.cpp; sourceTree = SOURCE_ROOT; };
		4C42FFAA00AC179F5952E9F2 /* Info-AU.plist */ /* Info-AU.plist */ = {isa = PBXFileReference; lastKnownFileType = text.plist.xml; name = "Info-AU.plist"; path = "Info-AU.plist"; sourceTree = SOURCE_ROOT; };
		4D3C85D085B744039B3214FA /* include_juce_core.mm */ /* include_juce_core.mm */ = {isa = PBXFileReference; lastKnownFileType = sourcecode.cpp.objcpp; name = include_juce_core.mm; path = ../../JuceLibraryCode/include_juce_core.mm; sourceTree = SOURCE_ROOT; };
		4D41A7D1558136237CA9C14A /* include_juce_events.mm */ /* include_juce_events.mm */ = {isa = PBXFileReference; lastKnownFileType = sourcecode.cpp.objcpp; name = include_juce_events.mm; path = ../../JuceLibraryCode/include_juce_events.mm; sourceTree = SOURCE_ROOT; };
		4ED190160A756440B178539C /* BlomeParameterSlider.cpp */ /* BlomeParameterSlider.cpp */ = {isa = PBXFileReference; lastKnownFileType = sourcecode.cpp.cpp; name = BlomeParameterSlider.cpp; path = ../../Source/BlomeParameterSlider.cpp; sourceTree = SOURCE_ROOT; };
		4EDF426BEC5DB7CB0E241861 /* include_juce_audio_plugin_client_AU_1.mm */ /* include_juce_audio_plugin_client_AU_1.mm */ = {isa = PBXFileReference; lastKnownFileType = sourcecode.cpp.objcpp; name = include_juce_audio_plugin_client_AU_1.mm; path = ../../JuceLibraryCode/include_juce_audio_plugin_client_AU_1.mm; sourceTree = SOURCE_ROOT; };
		561D94EB927F5B1670D0D3DE /* BlomeDelay.h */ /* BlomeDelay.h */ = {isa = PBXFileReference; lastKnownFileType = sourcecode.c.h; name = BlomeDelay.h; path = ../../Source/BlomeDelay.h; sourceTree = SOURCE_ROOT; };
		5647AF3C34F138D501ED4D88 /* include_juce_audio_plugin_client_Standalone.cpp */ /* include_juce_audio_plugin_client_Standalone.cpp */ = {isa = PBXFileReference; lastKnownFileType = sourcecode.cpp.cpp; name = include_juce_audio_plugin_client_Standalone.cpp; path = ../../JuceLibraryCode/include_juce_audio_plugin_client_Standalone.cpp; sourceTree = SOURCE_ROOT; };
		5791A8693DD2D2E4A01B7ED5 /* AudioToolbox.framework */ /* AudioToolbox.framework */ = {isa = PBXFileReference; lastKnownFileType = wrapper.framework; name = AudioToolbox.framework; path = System/Library/Frameworks/AudioToolbox.framework; sourceTree = SDKROOT; };
		59CCAE62D3F9B2AD6CE2BBE2 /* juce_dsp */ /* juce_dsp */ = {isa = PBXFileReference; lastKnownFileType = folder; name = juce_dsp; path = /Users/jonasblome/Documents/JUCE/modules/juce_dsp; sourceTree = "<absolute>"; };
		5EBFE11461DD7ABD3DF0B0A6 /* DiscRecording.framework */ /* DiscRecording.framework */ = {isa = PBXFileReference; lastKnownFileType = wrapper.framework; name = DiscRecording.framework; path = System/Library/Frameworks/DiscRecording.framework; sourceTree = SDKROOT; };
		5F9CD9F578F953764E041A99 /* BlomeMainPanel.h */ /* BlomeMainPanel.h */ = {isa = PBXFileReference; lastKnownFileType = sourcecode.c.h; name = BlomeMainPanel.h; path = ../../Source/BlomeMainPanel.h; sourceTree = SOURCE_ROOT; };
		62679F4B757EB1D36EE2CA2D /* include_juce_data_structures.mm */ /* include_juce_data_structures.mm */ = {isa = PBXFileReference; lastKnownFileType = sourcecode.cpp.objcpp; name = include_juce_data_structures.mm; path = ../../JuceLibraryCode/include_juce_data_structures.mm; sourceTree = SOURCE_ROOT; };
		6D1BBF1BD4834EC4FA4B5DD3 /* include_juce_audio_plugin_client_VST3.cpp */ /* include_juce_audio_plugin_client_VST3.cpp */ = {isa = PBXFileReference; lastKnownFileType = sourcecode.cpp.cpp; name = include_juce_audio_plugin_client_VST3.cpp; path = ../../JuceLibraryCode/include_juce_audio_plugin_client_VST3.cpp; sourceTree = SOURCE_ROOT; };
		6D5B05AF4C3DDD15A11F50F9 /* JuceHeader.h */ /* JuceHeader.h */ = {isa = PBXFileReference; lastKnownFileType = sourcecode.c.h; name = JuceHeader.h; path = ../../JuceLibraryCode/JuceHeader.h; sourceTree = SOURCE_ROOT; };
		6E9F3E72F68CDE20D5CBC3E9 /* include_juce_audio_plugin_client_VST_utils.mm */ /* include_juce_audio_plugin_client_VST_utils.mm */ = {isa = PBXFileReference; lastKnownFileType = sourcecode.cpp.objcpp; name = include_juce_audio_plugin_client_VST_utils.mm; path = ../../JuceLibraryCode/include_juce_audio_plugin_client_VST_utils.mm; sourceTree = SOURCE_ROOT; };
		720343209CA9AC768FABF72F /* BinaryData.h */ /* BinaryData.h */ = {isa = PBXFileReference; lastKnownFileType = sourcecode.c.h; name = BinaryData.h; path = ../../JuceLibraryCode/BinaryData.h; sourceTree = SOURCE_ROOT; };
		72408C38AE6D911375FFC03B /* juce_audio_utils */ /* juce_audio_utils */ = {isa = PBXFileReference; lastKnownFileType = folder; name = juce_audio_utils; path = /Users/jonasblome/Documents/JUCE/modules/juce_audio_utils; sourceTree = "<absolute>"; };
		7442E4EF1B2A23EF5BE31160 /* BlomeVUMeter.cpp */ /* BlomeVUMeter.cpp */ = {isa = PBXFileReference; lastKnownFileType = sourcecode.cpp.cpp; name = BlomeVUMeter.cpp; path = ../../Source/BlomeVUMeter.cpp; sourceTree = SOURCE_ROOT; };
		74AFA771832BB0F7321847EE /* BlomeFXPanel.h */ /* BlomeFXPanel.h */ = {isa = PBXFileReference; lastKnownFileType = sourcecode.c.h; name = BlomeFXPanel.h; path = ../../Source/BlomeFXPanel.h; sourceTree = SOURCE_ROOT; };
		796A854F20B44541D1CF0AE2 /* juce_audio_devices */ /* juce_audio_devices */ = {isa = PBXFileReference; lastKnownFileType = folder; name = juce_audio_devices; path = /Users/jonasblome/Documents/JUCE/modules/juce_audio_devices; sourceTree = "<absolute>"; };
		7B718426FA8B71C7DFAF495B /* Foundation.framework */ /* Foundation.framework */ = {isa = PBXFileReference; lastKnownFileType = wrapper.framework; name = Foundation.framework; path = System/Library/Frameworks/Foundation.framework; sourceTree = SDKROOT; };
		7BCBCE80C65F20956AD25B4B /* BlomeVUMeter.h */ /* BlomeVUMeter.h */ = {isa = PBXFileReference; lastKnownFileType = sourcecode.c.h; name = BlomeVUMeter.h; path = ../../Source/BlomeVUMeter.h; sourceTree = SOURCE_ROOT; };
		7F4339EACDC733D0E042205C /* BlomeFXPanel.cpp */ /* BlomeFXPanel.cpp */ = {isa = PBXFileReference; lastKnownFileType = sourcecode.cpp.cpp; name = BlomeFXPanel.cpp; path = ../../Source/BlomeFXPanel.cpp; sourceTree = SOURCE_ROOT; };
		8036598BC810E430572354D9 /* juce_graphics */ /* juce_graphics */ = {isa = PBXFileReference; lastKnownFileType = folder; name = juce_graphics; path = /Users/jonasblome/Documents/JUCE/modules/juce_graphics; sourceTree = "<absolute>"; };
		82EB4AA16E19FC5765427F29 /* include_juce_audio_plugin_client_AU_2.mm */ /* include_juce_audio_plugin_client_AU_2.mm */ = {isa = PBXFileReference; lastKnownFileType = sourcecode.cpp.objcpp; name = include_juce_audio_plugin_client_AU_2.mm; path = ../../JuceLibraryCode/include_juce_audio_plugin_client_AU_2.mm; sourceTree = SOURCE_ROOT; };
		847DE74CB9949B6A1FF81922 /* BlomeGainPanel.h */ /* BlomeGainPanel.h */ = {isa = PBXFileReference; lastKnownFileType = sourcecode.c.h; name = BlomeGainPanel.h; path = ../../Source/BlomeGainPanel.h; sourceTree = SOURCE_ROOT; };
		8680FFB6F1D173EF5E3B606B /* IOKit.framework */ /* IOKit.framework */ = {isa = PBXFileReference; lastKnownFileType = wrapper.framework; name = IOKit.framework; path = System/Library/Frameworks/IOKit.framework; sourceTree = SDKROOT; };
		8A1041F5C48F4F7DCAE2B943 /* include_juce_audio_processors.mm */ /* include_juce_audio_processors.mm */ = {isa = PBXFileReference; lastKnownFileType = sourcecode.cpp.objcpp; name = include_juce_audio_processors.mm; path = ../../JuceLibraryCode/include_juce_audio_processors.mm; sourceTree = SOURCE_ROOT; };
		8AE723F3654069B404172D54 /* juce_gui_basics */ /* juce_gui_basics */ = {isa = PBXFileReference; lastKnownFileType = folder; name = juce_gui_basics; path = /Users/jonasblome/Documents/JUCE/modules/juce_gui_basics; sourceTree = "<absolute>"; };
		8C698B108D9437474E231ACA /* Shared Code */ = {isa = PBXFileReference; explicitFileType = archive.ar; includeInIndex = 0; path = "libChorus Delay.a"; sourceTree = BUILT_PRODUCTS_DIR; };
		8CFCDEC63A110D7F140205F7 /* BlomeParameterComboBox.cpp */ /* BlomeParameterComboBox.cpp */ = {isa = PBXFileReference; lastKnownFileType = sourcecode.cpp.cpp; name = BlomeParameterComboBox.cpp; path = ../../Source/BlomeParameterComboBox.cpp; sourceTree = SOURCE_ROOT; };
		8F244AE689EAA93C8CE91AD3 /* BlomeMainPanel.cpp */ /* BlomeMainPanel.cpp */ = {isa = PBXFileReference; lastKnownFileType = sourcecode.cpp.cpp; name = BlomeMainPanel.cpp; path = ../../Source/BlomeMainPanel.cpp; sourceTree = SOURCE_ROOT; };
		90C2A960064B2D6F72DEB2A7 /* include_juce_gui_basics.mm */ /* include_juce_gui_basics.mm */ = {isa = PBXFileReference; lastKnownFileType = sourcecode.cpp.objcpp; name = include_juce_gui_basics.mm; path = ../../JuceLibraryCode/include_juce_gui_basics.mm; sourceTree = SOURCE_ROOT; };
		9805FD177B12EA8C44870128 /* AU */ = {isa = PBXFileReference; explicitFileType = wrapper.cfbundle; includeInIndex = 0; path = "Chorus Delay.component"; sourceTree = BUILT_PRODUCTS_DIR; };
		9CF79561185C8B093CD2B456 /* BlomeFilter.h */ /* BlomeFilter.h */ = {isa = PBXFileReference; lastKnownFileType = sourcecode.c.h; name = BlomeFilter.h; path = ../../Source/BlomeFilter.h; sourceTree = SOURCE_ROOT; };
		9E06A94BC154BE408E1851A1 /* BlomeAudioHelper.h */ /* BlomeAudioHelper.h */ = {isa = PBXFileReference; lastKnownFileType = sourcecode.c.h; name = BlomeAudioHelper.h; path = ../../Source/BlomeAudioHelper.h; sourceTree = SOURCE_ROOT; };
		A0D622F0F7974F4C71D8C06F /* BlomeLFO.h */ /* BlomeLFO.h */ = {isa = PBXFileReference; lastKnownFileType = sourcecode.c.h; name = BlomeLFO.h; path = ../../Source/BlomeLFO.h; sourceTree = SOURCE_ROOT; };
		A2BE2BD9588F0A40D48CF29A /* AudioUnit.framework */ /* AudioUnit.framework */ = {isa = PBXFileReference; lastKnownFileType = wrapper.framework; name = AudioUnit.framework; path = System/Library/Frameworks/AudioUnit.framework; sourceTree = SDKROOT; };
		A3AA9FE2FACCFF2C1E9B2562 /* BlomePanelBase.h */ /* BlomePanelBase.h */ = {isa = PBXFileReference; lastKnownFileType = sourcecode.c.h; name = BlomePanelBase.h; path = ../../Source/BlomePanelBase.h; sourceTree = SOURCE_ROOT; };
		AAA3D7F264D17212A8EB53FF /* BlomeDelay.cpp */ /* BlomeDelay.cpp */ = {isa = PBXFileReference; lastKnownFileType = sourcecode.cpp.cpp; name = BlomeDelay.cpp; path = ../../Source/BlomeDelay.cpp; sourceTree = SOURCE_ROOT; };
		AD2132D65F626ACABD0EE40B /* kadenze_bg.png */ /* kadenze_bg.png */ = {isa = PBXFileReference; lastKnownFileType = image.png; name = kadenze_bg.png; path = ../../Assets/kadenze_bg.png; sourceTree = SOURCE_ROOT; };
		AF0FD4163259E06D8DF4949A /* BlomeInterfaceDefines.h */ /* BlomeInterfaceDefines.h */ = {isa = PBXFileReference; lastKnownFileType = sourcecode.c.h; name = BlomeInterfaceDefines.h; path = ../../Source/BlomeInterfaceDefines.h; sourceTree = SOURCE_ROOT; };
		AF2CE079E517334CEE412D47 /* include_juce_audio_plugin_client_ARA.cpp */ /* include_juce_audio_plugin_client_ARA.cpp */ = {isa = PBXFileReference; lastKnownFileType = sourcecode.cpp.cpp; name = include_juce_audio_plugin_client_ARA.cpp; path = ../../JuceLibraryCode/include_juce_audio_plugin_client_ARA.cpp; sourceTree = SOURCE_ROOT; };
		B0F31E3BA52DA8B22EA5BBCA /* Cocoa.framework */ /* Cocoa.framework */ = {isa = PBXFileReference; lastKnownFileType = wrapper.framework; name = Cocoa.framework; path = System/Library/Frameworks/Cocoa.framework; sourceTree = SDKROOT; };
		B27D5D2A2FFAA0F71529DAAA /* BlomeParameterComboBox.h */ /* BlomeParameterComboBox.h */ = {isa = PBXFileReference; lastKnownFileType = sourcecode.c.h; name = BlomeParameterComboBox.h; path = ../../Source/BlomeParameterComboBox.h; sourceTree = SOURCE_ROOT; };
		B732BEA2B8A78F1127370FC4 /* PluginEditor.h */ /* PluginEditor.h */ = {isa = PBXFileReference; lastKnownFileType = sourcecode.c.h; name = PluginEditor.h; path = ../../Source/PluginEditor.h; sourceTree = SOURCE_ROOT; };
		BD4C7B038BCD95E1C533383C /* Info-VST3.plist */ /* Info-VST3.plist */ = {isa = PBXFileReference; lastKnownFileType = text.plist.xml; name = "Info-VST3.plist"; path = "Info-VST3.plist"; sourceTree = SOURCE_ROOT; };
		BD4E9709B784CB3671C3600E /* include_juce_graphics.mm */ /* include_juce_graphics.mm */ = {isa = PBXFileReference; lastKnownFileType = sourcecode.cpp.objcpp; name = include_juce_graphics.mm; path = ../../JuceLibraryCode/include_juce_graphics.mm; sourceTree = SOURCE_ROOT; };
		BE0F84B71E69E9568287039E /* CoreAudio.framework */ /* CoreAudio.framework */ = {isa = PBXFileReference; lastKnownFileType = wrapper.framework; name = CoreAudio.framework; path = System/Library/Frameworks/CoreAudio.framework; sourceTree = SDKROOT; };
		C1EF18A9C7F9C3FBDDCAF79E /* Info-Standalone_Plugin.plist */ /* Info-Standalone_Plugin.plist */ = {isa = PBXFileReference; lastKnownFileType = text.plist.xml; name = "Info-Standalone_Plugin.plist"; path = "Info-Standalone_Plugin.plist"; sourceTree = SOURCE_ROOT; };
		C629EA8FCF0FE28633C98562 /* include_juce_audio_processors_lv2_libs.cpp */ /* include_juce_audio_processors_lv2_libs.cpp */ = {isa = PBXFileReference; lastKnownFileType = sourcecode.cpp.cpp; name = include_juce_audio_processors_lv2_libs.cpp; path = ../../JuceLibraryCode/include_juce_audio_processors_lv2_libs.cpp; sourceTree = SOURCE_ROOT; };
		C7B2657FD453DEB5F6BB4970 /* include_juce_audio_basics.mm */ /* include_juce_audio_basics.mm */ = {isa = PBXFileReference; lastKnownFileType = sourcecode.cpp.objcpp; name = include_juce_audio_basics.mm; path = ../../JuceLibraryCode/include_juce_audio_basics.mm; sourceTree = SOURCE_ROOT; };
		CF043C1A8ABCC1B2383327FE /* BlomeCenterPanel.cpp */ /* BlomeCenterPanel.cpp */ = {isa = PBXFileReference; lastKnownFileType = sourcecode.cpp.cpp; name = BlomeCenterPanel.cpp; path = ../../Source/BlomeCenterPanel.cpp; sourceTree = SOURCE_ROOT; };
		CFC4C05ADDAA02E589139289 /* RecentFilesMenuTemplate.nib */ /* RecentFilesMenuTemplate.nib */ = {isa = PBXFileReference; lastKnownFileType = file.nib; name = RecentFilesMenuTemplate.nib; path = RecentFilesMenuTemplate.nib; sourceTree = SOURCE_ROOT; };
		D4608855629498AAE8E5F59A /* BlomeParameters.h */ /* BlomeParameters.h */ = {isa = PBXFileReference; lastKnownFileType = sourcecode.c.h; name = BlomeParameters.h; path = ../../Source/BlomeParameters.h; sourceTree = SOURCE_ROOT; };
		D57FE3D7F19EF78A1DB8541B /* BlomeCenterPanelMenuBar.cpp */ /* BlomeCenterPanelMenuBar.cpp */ = {isa = PBXFileReference; lastKnownFileType = sourcecode.cpp.cpp; name = BlomeCenterPanelMenuBar.cpp; path = ../../Source/BlomeCenterPanelMenuBar.cpp; sourceTree = SOURCE_ROOT; };
		D6C5D72CD909037228439A2E /* include_juce_gui_extra.mm */ /* include_juce_gui_extra.mm */ = {isa = PBXFileReference; lastKnownFileType = sourcecode.cpp.objcpp; name = include_juce_gui_extra.mm; path = ../../JuceLibraryCode/include_juce_gui_extra.mm; sourceTree = SOURCE_ROOT; };
		D70C54E364C5F19DC080BFCE /* BlomeTopPanel.h */ /* BlomeTopPanel.h */ = {isa = PBXFileReference; lastKnownFileType = sourcecode.c.h; name = BlomeTopPanel.h; path = ../../Source/BlomeTopPanel.h; sourceTree = SOURCE_ROOT; };
		D7A4034816E48B9A5F46473C /* BlomeHelperFunctions.h */ /* BlomeHelperFunctions.h */ = {isa = PBXFileReference; lastKnownFileType = sourcecode.c.h; name = BlomeHelperFunctions.h; path = ../../Source/BlomeHelperFunctions.h; sourceTree = SOURCE_ROOT; };
		D7E4E49E7878393B5678624E /* PluginProcessor.h */ /* PluginProcessor.h */ = {isa = PBXFileReference; lastKnownFileType = sourcecode.c.h; name = PluginProcessor.h; path = ../../Source/PluginProcessor.h; sourceTree = SOURCE_ROOT; };
		DB586971985930791C168D44 /* BlomeLFO.cpp */ /* BlomeLFO.cpp */ = {isa = PBXFileReference; lastKnownFileType = sourcecode.cpp.cpp; name = BlomeLFO.cpp; path = ../../Source/BlomeLFO.cpp; sourceTree = SOURCE_ROOT; };
		DC142914F1BDEAD09DA17183 /* BinaryData.cpp */ /* BinaryData.cpp */ = {isa = PBXFileReference; lastKnownFileType = sourcecode.cpp.cpp; name = BinaryData.cpp; path = ../../JuceLibraryCode/BinaryData.cpp; sourceTree = SOURCE_ROOT; };
		E5A643C9A5A2908A4FE4D2D8 /* BlomeFilter.cpp */ /* BlomeFilter.cpp */ = {isa = PBXFileReference; lastKnownFileType = sourcecode.cpp.cpp; name = BlomeFilter.cpp; path = ../../Source/BlomeFilter.cpp; sourceTree = SOURCE_ROOT; };
		E860216C485078C0E4125E20 /* kadenze_knob.png */ /* kadenze_knob.png */ = {isa = PBXFileReference; lastKnownFileType = image.png; name = kadenze_knob.png; path = ../../Assets/kadenze_knob.png; sourceTree = SOURCE_ROOT; };
		EA8C7E96D7648DED72D98A98 /* CoreMIDI.framework */ /* CoreMIDI.framework */ = {isa = PBXFileReference; lastKnownFileType = wrapper.framework; name = CoreMIDI.framework; path = System/Library/Frameworks/CoreMIDI.framework; sourceTree = SDKROOT; };
		F0CCA5EAF0B41F652E24CFF8 /* include_juce_audio_utils.mm */ /* include_juce_audio_utils.mm */ = {isa = PBXFileReference; lastKnownFileType = sourcecode.cpp.objcpp; name = include_juce_audio_utils.mm; path = ../../JuceLibraryCode/include_juce_audio_utils.mm; sourceTree = SOURCE_ROOT; };
		F18EE86C1F5E2C596964C392 /* juce_audio_basics */ /* juce_audio_basics */ = {isa = PBXFileReference; lastKnownFileType = folder; name = juce_audio_basics; path = /Users/jonasblome/Documents/JUCE/modules/juce_audio_basics; sourceTree = "<absolute>"; };
		F26E53BE1E609AC84F29EDDC /* BlomeLookAndFeel.h */ /* BlomeLookAndFeel.h */ = {isa = PBXFileReference; lastKnownFileType = sourcecode.c.h; name = BlomeLookAndFeel.h; path = ../../Source/BlomeLookAndFeel.h; sourceTree = SOURCE_ROOT; };
		F6A4F2E13EB3FBEA580DF5DE /* juce_audio_formats */ /* juce_audio_formats */ = {isa = PBXFileReference; lastKnownFileType = folder; name = juce_audio_formats; path = /Users/jonasblome/Documents/JUCE/modules/juce_audio_formats; sourceTree = "<absolute>"; };
		F7ED5576FE2F2697578BA0FF /* BlomePresetManager.h */ /* BlomePresetManager.h */ = {isa = PBXFileReference; lastKnownFileType = sourcecode.c.h; name = BlomePresetManager.h; path = ../../Source/BlomePresetManager.h; sourceTree = SOURCE_ROOT; };
		F8B9B8B6C40F8DCB01D16241 /* Standalone Plugin */ = {isa = PBXFileReference; explicitFileType = wrapper.application; includeInIndex = 0; path = "Chorus Delay.app"; sourceTree = BUILT_PRODUCTS_DIR; };
		F8E96B132CF737128322FABD /* CoreAudioKit.framework */ /* CoreAudioKit.framework */ = {isa = PBXFileReference; lastKnownFileType = wrapper.framework; name = CoreAudioKit.framework; path = System/Library/Frameworks/CoreAudioKit.framework; sourceTree = SDKROOT; };
/* End PBXFileReference section */

/* Begin PBXFrameworksBuildPhase section */
		4E0162DFD4BF12A548CE6F78 = {
			isa = PBXFrameworksBuildPhase;
			buildActionMask = 2147483647;
			files = (
				ABD64CCD484A4264EB4FD975,
				A37C5C1999B879112CFD3BB7,
				45E51FC73E1C2D2ADF798BCA,
				FED475BC8551FE7A8F05FA93,
				98BA8A830A253570CF861006,
				F8F5C664253ED8ACDF072947,
				59146B472769931C4769BC2F,
				39CDFD524E1AD8625CFEB485,
				91B7F46F7286EC062D607039,
				FFC1658BEC1E0ECDBCEAAE67,
				77BC91CD12F7608E0F41B5D6,
				60726016035167A72C11C63D,
			);
			runOnlyForDeploymentPostprocessing = 0;
		};
		87A2180E9B2C226B0D29B831 = {
			isa = PBXFrameworksBuildPhase;
			buildActionMask = 2147483647;
			files = (
				A37C5C1999B879112CFD3BB7,
				45E51FC73E1C2D2ADF798BCA,
				FED475BC8551FE7A8F05FA93,
				98BA8A830A253570CF861006,
				F8F5C664253ED8ACDF072947,
				59146B472769931C4769BC2F,
				39CDFD524E1AD8625CFEB485,
				91B7F46F7286EC062D607039,
				FFC1658BEC1E0ECDBCEAAE67,
				77BC91CD12F7608E0F41B5D6,
				60726016035167A72C11C63D,
			);
			runOnlyForDeploymentPostprocessing = 0;
		};
		DB25DDDE761986579D54561C = {
			isa = PBXFrameworksBuildPhase;
			buildActionMask = 2147483647;
			files = (
				A37C5C1999B879112CFD3BB7,
				45E51FC73E1C2D2ADF798BCA,
				FED475BC8551FE7A8F05FA93,
				98BA8A830A253570CF861006,
				F8F5C664253ED8ACDF072947,
				59146B472769931C4769BC2F,
				39CDFD524E1AD8625CFEB485,
				91B7F46F7286EC062D607039,
				FFC1658BEC1E0ECDBCEAAE67,
				77BC91CD12F7608E0F41B5D6,
				60726016035167A72C11C63D,
			);
			runOnlyForDeploymentPostprocessing = 0;
		};
/* End PBXFrameworksBuildPhase section */

/* Begin PBXGroup section */
		012F47BFE03219EB09A118E7 /* Frameworks */ = {
			isa = PBXGroup;
			children = (
				A2BE2BD9588F0A40D48CF29A,
				49309308E7E27B6A64E5EF4C,
				5791A8693DD2D2E4A01B7ED5,
				B0F31E3BA52DA8B22EA5BBCA,
				BE0F84B71E69E9568287039E,
				F8E96B132CF737128322FABD,
				EA8C7E96D7648DED72D98A98,
				5EBFE11461DD7ABD3DF0B0A6,
				7B718426FA8B71C7DFAF495B,
				8680FFB6F1D173EF5E3B606B,
				39057DC0AA2C193AAE35CB36,
				24EB63EF84EE0D6F58DFA4F3,
			);
			name = Frameworks;
			sourceTree = "<group>";
		};
		0E71551B17069694E914923F /* DSP */ = {
			isa = PBXGroup;
			children = (
				AAA3D7F264D17212A8EB53FF,
				561D94EB927F5B1670D0D3DE,
				E5A643C9A5A2908A4FE4D2D8,
				9CF79561185C8B093CD2B456,
				40A1C8ACAACB0F30F1E99F49,
				10E18A3EBDDB978CA2997198,
				DB586971985930791C168D44,
				A0D622F0F7974F4C71D8C06F,
			);
			name = DSP;
			sourceTree = "<group>";
		};
		1872F04DE6701E792388E681 /* Helpers */ = {
			isa = PBXGroup;
			children = (
				9E06A94BC154BE408E1851A1,
				D7A4034816E48B9A5F46473C,
				AF0FD4163259E06D8DF4949A,
				F26E53BE1E609AC84F29EDDC,
				D4608855629498AAE8E5F59A,
			);
			name = Helpers;
			sourceTree = "<group>";
		};
		3478B317BDEA1D0C427E23A9 /* Assets */ = {
			isa = PBXGroup;
			children = (
				AD2132D65F626ACABD0EE40B,
				E860216C485078C0E4125E20,
			);
			name = Assets;
			sourceTree = "<group>";
		};
		44A48B4B18C1910E251C75F4 /* Managers */ = {
			isa = PBXGroup;
			children = (
				21A1C8A54605986107B76E07,
				F7ED5576FE2F2697578BA0FF,
			);
			name = Managers;
			sourceTree = "<group>";
		};
		73CDA564614D2A01C9626821 /* Panels */ = {
			isa = PBXGroup;
			children = (
				4C05CAFAFE5440692368DB81,
				A3AA9FE2FACCFF2C1E9B2562,
				CF043C1A8ABCC1B2383327FE,
				0E5C776BAF04C21E2225DFC7,
				D57FE3D7F19EF78A1DB8541B,
				1167F421A22D1106F709B66F,
				7F4339EACDC733D0E042205C,
				74AFA771832BB0F7321847EE,
				3CBFDE991AC00807128D748D,
				847DE74CB9949B6A1FF81922,
				8F244AE689EAA93C8CE91AD3,
				5F9CD9F578F953764E041A99,
				24D2BE03E4E50FCBB9447EB9,
				D70C54E364C5F19DC080BFCE,
			);
			name = Panels;
			sourceTree = "<group>";
		};
		8B14E326A28CE68EF58CED8C /* Resources */ = {
			isa = PBXGroup;
			children = (
				BD4C7B038BCD95E1C533383C,
				4C42FFAA00AC179F5952E9F2,
				C1EF18A9C7F9C3FBDDCAF79E,
				CFC4C05ADDAA02E589139289,
			);
			name = Resources;
			sourceTree = "<group>";
		};
		9134F5DE98A2C82C8366484D /* Parameter Control */ = {
			isa = PBXGroup;
			children = (
				8CFCDEC63A110D7F140205F7,
				B27D5D2A2FFAA0F71529DAAA,
				4ED190160A756440B178539C,
				3118A418D83E1A184B6FA3AC,
			);
			name = "Parameter Control";
			sourceTree = "<group>";
		};
		913FD9ADACA7F35FC03D5D5B /* Source */ = {
			isa = PBXGroup;
			children = (
				2D65938630D9670810F13B41,
				D7E4E49E7878393B5678624E,
				28A07A94D6A013AB97D878BE,
				B732BEA2B8A78F1127370FC4,
			);
			name = Source;
			sourceTree = "<group>";
		};
		9C3FB767B6F58C301F318446 /* JUCE Library Code */ = {
			isa = PBXGroup;
			children = (
				DC142914F1BDEAD09DA17183,
				720343209CA9AC768FABF72F,
				C7B2657FD453DEB5F6BB4970,
				2203AF40CBD32CB89AC425F1,
				06C7F9B9949939C77A223A24,
				AF2CE079E517334CEE412D47,
				4EDF426BEC5DB7CB0E241861,
				82EB4AA16E19FC5765427F29,
				5647AF3C34F138D501ED4D88,
				18B38132F7BC978A08DF8180,
				6E9F3E72F68CDE20D5CBC3E9,
				6D1BBF1BD4834EC4FA4B5DD3,
				8A1041F5C48F4F7DCAE2B943,
				0D161DA6A1CA12089C7C265F,
				C629EA8FCF0FE28633C98562,
				F0CCA5EAF0B41F652E24CFF8,
				4D3C85D085B744039B3214FA,
				62679F4B757EB1D36EE2CA2D,
				29F7278E32F8F56E1E05921B,
				4D41A7D1558136237CA9C14A,
				BD4E9709B784CB3671C3600E,
				90C2A960064B2D6F72DEB2A7,
				D6C5D72CD909037228439A2E,
				6D5B05AF4C3DDD15A11F50F9,
				272CBCAC05EAD982085FDB1D,
			);
			name = "JUCE Library Code";
			sourceTree = "<group>";
		};
		9F7DD32A47950ED5DC3089EB /* Products */ = {
			isa = PBXGroup;
			children = (
				20113C4F7DA101D3F056E722,
				9805FD177B12EA8C44870128,
				F8B9B8B6C40F8DCB01D16241,
				8C698B108D9437474E231ACA,
			);
			name = Products;
			sourceTree = "<group>";
		};
		CA153D12615FCF119AE03E4A /* Components */ = {
			isa = PBXGroup;
			children = (
				7442E4EF1B2A23EF5BE31160,
				7BCBCE80C65F20956AD25B4B,
			);
			name = Components;
			sourceTree = "<group>";
		};
		CF3EFDBAD5274464075A352C /* Chorus Delay */ = {
			isa = PBXGroup;
			children = (
				CA153D12615FCF119AE03E4A,
				44A48B4B18C1910E251C75F4,
				9134F5DE98A2C82C8366484D,
				73CDA564614D2A01C9626821,
				1872F04DE6701E792388E681,
				0E71551B17069694E914923F,
				913FD9ADACA7F35FC03D5D5B,
				3478B317BDEA1D0C427E23A9,
			);
			name = "Chorus Delay";
			sourceTree = "<group>";
		};
		D68E3F2B4E6BB9AE8E1D3A83 /* Source */ = {
			isa = PBXGroup;
			children = (
				CF3EFDBAD5274464075A352C,
				E3A172B5C89F8AA0DDF38B31,
				9C3FB767B6F58C301F318446,
				8B14E326A28CE68EF58CED8C,
				012F47BFE03219EB09A118E7,
				9F7DD32A47950ED5DC3089EB,
			);
			name = Source;
			sourceTree = "<group>";
		};
		E3A172B5C89F8AA0DDF38B31 /* JUCE Modules */ = {
			isa = PBXGroup;
			children = (
				F18EE86C1F5E2C596964C392,
				796A854F20B44541D1CF0AE2,
				F6A4F2E13EB3FBEA580DF5DE,
				21B8D5E4F5D6BF675CA06A59,
				40AF42DAC77389C35D547991,
				72408C38AE6D911375FFC03B,
				30BC51DAA907ECAF22006A2D,
				337119D37F18DE51C2CBBC2E,
				59CCAE62D3F9B2AD6CE2BBE2,
				04F3A8F5389BB505EA15F679,
				8036598BC810E430572354D9,
				8AE723F3654069B404172D54,
				3D370153D52C42B9BA240CD3,
			);
			name = "JUCE Modules";
			sourceTree = "<group>";
		};
/* End PBXGroup section */

/* Begin PBXNativeTarget section */
		6864C026147E9324FFB336CA /* Chorus Delay - VST3 */ = {
			isa = PBXNativeTarget;
			buildConfigurationList = 152F99A65777E0FCFFBC98CF;
			buildPhases = (
				9C08D1941E080DCC94ABBA85,
				D86C612024C2EE578137FD59,
				DB25DDDE761986579D54561C,
			);
			buildRules = (
			);
			dependencies = (
				E9CF0E1378E2570C82A2DA2C,
			);
			name = "Chorus Delay - VST3";
			productName = "Chorus Delay";
			productReference = 20113C4F7DA101D3F056E722;
			productType = "com.apple.product-type.bundle";
		};
		7BFCF725E1E86377C7D31EF5 /* Chorus Delay - Standalone Plugin */ = {
			isa = PBXNativeTarget;
			buildConfigurationList = 7C0A981533AB839F7693C073;
			buildPhases = (
				07D3B6BD8E21A483BD15A756,
				3341962724611E5A35AFED84,
				87A2180E9B2C226B0D29B831,
			);
			buildRules = (
			);
			dependencies = (
				D00A84D75AFAE60BB00E98FC,
			);
			name = "Chorus Delay - Standalone Plugin";
			productName = "Chorus Delay";
			productReference = F8B9B8B6C40F8DCB01D16241;
			productType = "com.apple.product-type.application";
		};
		BBD8B18DCD8AFE835145305C /* Chorus Delay - Shared Code */ = {
			isa = PBXNativeTarget;
			buildConfigurationList = 4AD8A83AF57D4A254B24A275;
			buildPhases = (
				4ABF6E815568391A969B7791,
			);
			buildRules = (
			);
			dependencies = (
			);
			name = "Chorus Delay - Shared Code";
			productName = "Chorus Delay";
			productReference = 8C698B108D9437474E231ACA;
			productType = "com.apple.product-type.library.static";
		};
		C99A53459E93D905918EC821 /* Chorus Delay - AU */ = {
			isa = PBXNativeTarget;
			buildConfigurationList = E59C18024BF6DCC0382418E8;
			buildPhases = (
				C7FC721B9D93009413C87001,
				821BE5C5A3CE3076F286936D,
				4E0162DFD4BF12A548CE6F78,
			);
			buildRules = (
			);
			dependencies = (
				A658D8D5E94181C639E00E9A,
			);
			name = "Chorus Delay - AU";
			productName = "Chorus Delay";
			productReference = 9805FD177B12EA8C44870128;
			productType = "com.apple.product-type.bundle";
		};
/* End PBXNativeTarget section */

/* Begin PBXProject section */
		D9DF24CEBB3AA0B7FB091EF0 = {
			isa = PBXProject;
			attributes = {
				LastUpgradeCheck = 1340;
				ORGANIZATIONNAME = "Blome";
				TargetAttributes = {
					6864C026147E9324FFB336CA = {
						SystemCapabilities = {
							com.apple.ApplicationGroups.iOS = {
								enabled = 0;
							};
							com.apple.HardenedRuntime = {
								enabled = 0;
							};
							com.apple.InAppPurchase = {
								enabled = 0;
							};
							com.apple.InterAppAudio = {
								enabled = 0;
							};
							com.apple.Push = {
								enabled = 0;
							};
							com.apple.Sandbox = {
								enabled = 0;
							};
						};
					};
					7BFCF725E1E86377C7D31EF5 = {
						SystemCapabilities = {
							com.apple.ApplicationGroups.iOS = {
								enabled = 0;
							};
							com.apple.HardenedRuntime = {
								enabled = 0;
							};
							com.apple.InAppPurchase = {
								enabled = 0;
							};
							com.apple.InterAppAudio = {
								enabled = 0;
							};
							com.apple.Push = {
								enabled = 0;
							};
							com.apple.Sandbox = {
								enabled = 0;
							};
						};
					};
					8D7F0A23AB17489386AC3148 = {
						SystemCapabilities = {
							com.apple.ApplicationGroups.iOS = {
								enabled = 0;
							};
							com.apple.HardenedRuntime = {
								enabled = 0;
							};
							com.apple.InAppPurchase = {
								enabled = 0;
							};
							com.apple.InterAppAudio = {
								enabled = 0;
							};
							com.apple.Push = {
								enabled = 0;
							};
							com.apple.Sandbox = {
								enabled = 0;
							};
						};
					};
					BBD8B18DCD8AFE835145305C = {
						SystemCapabilities = {
							com.apple.ApplicationGroups.iOS = {
								enabled = 0;
							};
							com.apple.HardenedRuntime = {
								enabled = 0;
							};
							com.apple.InAppPurchase = {
								enabled = 0;
							};
							com.apple.InterAppAudio = {
								enabled = 0;
							};
							com.apple.Push = {
								enabled = 0;
							};
							com.apple.Sandbox = {
								enabled = 0;
							};
						};
					};
					C99A53459E93D905918EC821 = {
						SystemCapabilities = {
							com.apple.ApplicationGroups.iOS = {
								enabled = 0;
							};
							com.apple.HardenedRuntime = {
								enabled = 0;
							};
							com.apple.InAppPurchase = {
								enabled = 0;
							};
							com.apple.InterAppAudio = {
								enabled = 0;
							};
							com.apple.Push = {
								enabled = 0;
							};
							com.apple.Sandbox = {
								enabled = 0;
							};
						};
					};
				};
			};
			buildConfigurationList = 34D6DF69AE8DD1150984DC3B;
			compatibilityVersion = "Xcode 3.2";
			hasScannedForEncodings = 0;
			knownRegions = (
				en,
				Base,
			);
			mainGroup = D68E3F2B4E6BB9AE8E1D3A83;
			projectDirPath = "";
			projectRoot = "";
			targets = (
				8D7F0A23AB17489386AC3148,
				6864C026147E9324FFB336CA,
				C99A53459E93D905918EC821,
				7BFCF725E1E86377C7D31EF5,
				BBD8B18DCD8AFE835145305C,
			);
		};
/* End PBXProject section */

/* Begin PBXResourcesBuildPhase section */
		07D3B6BD8E21A483BD15A756 = {
			isa = PBXResourcesBuildPhase;
			buildActionMask = 2147483647;
			files = (
				3D99E46CECAC7404ADA5D82E,
			);
			runOnlyForDeploymentPostprocessing = 0;
		};
		9C08D1941E080DCC94ABBA85 = {
			isa = PBXResourcesBuildPhase;
			buildActionMask = 2147483647;
			files = (
				3D99E46CECAC7404ADA5D82E,
			);
			runOnlyForDeploymentPostprocessing = 0;
		};
		C7FC721B9D93009413C87001 = {
			isa = PBXResourcesBuildPhase;
			buildActionMask = 2147483647;
			files = (
				3D99E46CECAC7404ADA5D82E,
			);
			runOnlyForDeploymentPostprocessing = 0;
		};
/* End PBXResourcesBuildPhase section */

/* Begin PBXSourcesBuildPhase section */
		3341962724611E5A35AFED84 = {
			isa = PBXSourcesBuildPhase;
			buildActionMask = 2147483647;
			files = (
				4A8D8F859C822413D7A0103F,
			);
			runOnlyForDeploymentPostprocessing = 0;
		};
		4ABF6E815568391A969B7791 = {
			isa = PBXSourcesBuildPhase;
			buildActionMask = 2147483647;
			files = (
				485B4CBDE9DD00E0965661F9,
				5CE2DE7CA8D105ECA7FC7872,
				F8A4E5BDC28A8029E0CBB4B2,
				2168D95038DAC973B65216ED,
				F9E651C020853DBFEC386D4C,
				E023C4ECF60704817A1AAE58,
				4BDA820165AFAF345A73B8B6,
				6CBF5553E6D0C858921A1255,
				A65381E5E765A2CE759CDE8D,
				E8A8FA4CE4BC5A52D1FAF90D,
				DABAE155D2568EDBA6EFC773,
				2B600163F1F35045E3B0963E,
				445782618778DED28F7E8CE3,
				D8D097933FE882C3ADD840F6,
				736E98E8D38B6EE6B302ABA5,
				708CB17214992E2BCDAD5D13,
				4F255066F5AB01753FBE5134,
				263858366773E682DD7DFAE8,
				C39DECFCD4CDAC809DD29172,
				B8C97574B8889BA7699BC415,
				D0867B5516408A880A9763C9,
				D6B636799B3D0E00D3500FBF,
				B2D9212B7095F7F9FCCA8748,
				E746285196BC61B1B9BB7033,
				5681A270BE2C815424187B08,
				B4BDA8AD6D24BBA362CEDFB4,
				32A9A9BF4D591FE54EFEEC63,
				E3A521E4A6DEFE5253C29BBD,
				26680513320F93C43AD744DA,
				313EB0C830523BBF2D046B9F,
				BF22E5E1B70C3F5F6BA51954,
				7EF3161AD3B28C368506B3E0,
				17FA479E5C4428E082FCD45E,
				073EE56DA41F17456DE11B36,
				94CBFEB9829985389D026552,
			);
			runOnlyForDeploymentPostprocessing = 0;
		};
		821BE5C5A3CE3076F286936D = {
			isa = PBXSourcesBuildPhase;
			buildActionMask = 2147483647;
			files = (
				85400D0301751A7E76BE20F5,
				DF9D884C1BA28B73C97080D4,
			);
			runOnlyForDeploymentPostprocessing = 0;
		};
		D86C612024C2EE578137FD59 = {
			isa = PBXSourcesBuildPhase;
			buildActionMask = 2147483647;
			files = (
				D76839E4CE43F23B39066D8B,
			);
			runOnlyForDeploymentPostprocessing = 0;
		};
/* End PBXSourcesBuildPhase section */

/* Begin PBXTargetDependency section */
		5FF1BDC9FA2FC7DBBC608E5F = {
			isa = PBXTargetDependency;
			target = 6864C026147E9324FFB336CA;
		};
		98374C0306FF75219103892E = {
			isa = PBXTargetDependency;
			target = BBD8B18DCD8AFE835145305C;
		};
		A658D8D5E94181C639E00E9A = {
			isa = PBXTargetDependency;
			target = BBD8B18DCD8AFE835145305C;
		};
		BF59507C32BBD5B8A3220D03 = {
			isa = PBXTargetDependency;
			target = 7BFCF725E1E86377C7D31EF5;
		};
		D00A84D75AFAE60BB00E98FC = {
			isa = PBXTargetDependency;
			target = BBD8B18DCD8AFE835145305C;
		};
		E9CF0E1378E2570C82A2DA2C = {
			isa = PBXTargetDependency;
			target = BBD8B18DCD8AFE835145305C;
		};
		F3662ADB5E032BAF74334A6B = {
			isa = PBXTargetDependency;
			target = C99A53459E93D905918EC821;
		};
/* End PBXTargetDependency section */

/* Begin XCBuildConfiguration section */
		1C13EE67F9F8ADAE467EDB9B /* Debug */ = {
			isa = XCBuildConfiguration;
			buildSettings = {
				MACOSX_DEPLOYMENT_TARGET = 10.13;
				SDKROOT = macosx;
			};
			name = Debug;
		};
		38A99373785A63C11F069A28 /* Debug */ = {
			isa = XCBuildConfiguration;
			buildSettings = {
				CLANG_CXX_LANGUAGE_STANDARD = "c++17";
				CLANG_CXX_LIBRARY = "libc++";
				CLANG_LINK_OBJC_RUNTIME = NO;
				COMBINE_HIDPI_IMAGES = YES;
				CONFIGURATION_BUILD_DIR = "$(PROJECT_DIR)/build/$(CONFIGURATION)";
				COPY_PHASE_STRIP = NO;
				EXCLUDED_ARCHS = "";
				GCC_DYNAMIC_NO_PIC = NO;
				GCC_OPTIMIZATION_LEVEL = 0;
				GCC_PREPROCESSOR_DEFINITIONS = (
					"_DEBUG=1",
					"DEBUG=1",
					"JUCE_DISPLAY_SPLASH_SCREEN=1",
					"JUCE_USE_DARK_SPLASH_SCREEN=1",
					"JUCE_PROJUCER_VERSION=0x70005",
					"JUCE_MODULE_AVAILABLE_juce_audio_basics=1",
					"JUCE_MODULE_AVAILABLE_juce_audio_devices=1",
					"JUCE_MODULE_AVAILABLE_juce_audio_formats=1",
					"JUCE_MODULE_AVAILABLE_juce_audio_plugin_client=1",
					"JUCE_MODULE_AVAILABLE_juce_audio_processors=1",
					"JUCE_MODULE_AVAILABLE_juce_audio_utils=1",
					"JUCE_MODULE_AVAILABLE_juce_core=1",
					"JUCE_MODULE_AVAILABLE_juce_data_structures=1",
					"JUCE_MODULE_AVAILABLE_juce_dsp=1",
					"JUCE_MODULE_AVAILABLE_juce_events=1",
					"JUCE_MODULE_AVAILABLE_juce_graphics=1",
					"JUCE_MODULE_AVAILABLE_juce_gui_basics=1",
					"JUCE_MODULE_AVAILABLE_juce_gui_extra=1",
					"JUCE_GLOBAL_MODULE_SETTINGS_INCLUDED=1",
					"JUCE_VST3_CAN_REPLACE_VST2=0",
					"JUCE_STRICT_REFCOUNTEDPOINTER=1",
					"JucePlugin_Build_VST=0",
					"JucePlugin_Build_VST3=1",
					"JucePlugin_Build_AU=1",
					"JucePlugin_Build_AUv3=0",
					"JucePlugin_Build_AAX=0",
					"JucePlugin_Build_Standalone=1",
					"JucePlugin_Build_Unity=0",
					"JucePlugin_Build_LV2=0",
					"JucePlugin_Enable_IAA=0",
					"JucePlugin_Enable_ARA=0",
					"JucePlugin_Name=\\\"Chorus\\ Delay\\\"",
					"JucePlugin_Desc=\\\"Chorus\\ Delay\\\"",
					"JucePlugin_Manufacturer=\\\"Blome\\\"",
					"JucePlugin_ManufacturerWebsite=\\\"www.Blome.com\\\"",
					"JucePlugin_ManufacturerEmail=\\\"\\\"",
					"JucePlugin_ManufacturerCode=0x4d616e75",
					"JucePlugin_PluginCode=0x5970726f",
					"JucePlugin_IsSynth=0",
					"JucePlugin_WantsMidiInput=0",
					"JucePlugin_ProducesMidiOutput=0",
					"JucePlugin_IsMidiEffect=0",
					"JucePlugin_EditorRequiresKeyboardFocus=0",
					"JucePlugin_Version=1.0.0",
					"JucePlugin_VersionCode=0x10000",
					"JucePlugin_VersionString=\\\"1.0.0\\\"",
					"JucePlugin_VSTUniqueID=JucePlugin_PluginCode",
					"JucePlugin_VSTCategory=kPlugCategEffect",
					"JucePlugin_Vst3Category=\\\"Fx\\\"",
					"JucePlugin_AUMainType=\\'aufx\\'",
					"JucePlugin_AUSubType=JucePlugin_PluginCode",
					"JucePlugin_AUExportPrefix=ChorusDelayAU",
					"JucePlugin_AUExportPrefixQuoted=\\\"ChorusDelayAU\\\"",
					"JucePlugin_AUManufacturerCode=JucePlugin_ManufacturerCode",
					"JucePlugin_CFBundleIdentifier=com.Blome.ChorusDelay",
					"JucePlugin_AAXIdentifier=com.Blome.ChorusDelay",
					"JucePlugin_AAXManufacturerCode=JucePlugin_ManufacturerCode",
					"JucePlugin_AAXProductId=JucePlugin_PluginCode",
					"JucePlugin_AAXCategory=0",
					"JucePlugin_AAXDisableBypass=0",
					"JucePlugin_AAXDisableMultiMono=0",
					"JucePlugin_IAAType=0x61757278",
					"JucePlugin_IAASubType=JucePlugin_PluginCode",
					"JucePlugin_IAAName=\\\"Blome:\\ Chorus\\ Delay\\\"",
					"JucePlugin_VSTNumMidiInputs=16",
					"JucePlugin_VSTNumMidiOutputs=16",
					"JucePlugin_ARAContentTypes=0",
					"JucePlugin_ARATransformationFlags=0",
					"JucePlugin_ARAFactoryID=\\\"com.Blome.ChorusDelay.factory\\\"",
					"JucePlugin_ARADocumentArchiveID=\\\"com.Blome.ChorusDelay.aradocumentarchive.1.0.0\\\"",
					"JucePlugin_ARACompatibleArchiveIDs=\\\"\\\"",
					"JUCE_STANDALONE_APPLICATION=JucePlugin_Build_Standalone",
					"JUCER_XCODE_MAC_F6D2F4CF=1",
					"JUCE_APP_VERSION=1.0.0",
					"JUCE_APP_VERSION_HEX=0x10000",
					"JUCE_SHARED_CODE=1",
				);
				GCC_VERSION = com.apple.compilers.llvm.clang.1_0;
				HEADER_SEARCH_PATHS = (
					"/Users/jonasblome/Documents/JUCE/modules/juce_audio_processors/format_types/VST3_SDK",
					"$(SRCROOT)/../../JuceLibraryCode",
					"/Users/jonasblome/Documents/JUCE/modules",
					"/Users/jonasblome/Documents/JUCE/modules/juce_audio_plugin_client/AU",
					"$(inherited)",
				);
				INSTALL_PATH = "@executable_path/../Frameworks";
				MACOSX_DEPLOYMENT_TARGET = 10.13;
				MTL_HEADER_SEARCH_PATHS = "/Users/jonasblome/Documents/JUCE/modules/juce_audio_processors/format_types/VST3_SDK $(SRCROOT)/../../JuceLibraryCode /Users/jonasblome/Documents/JUCE/modules /Users/jonasblome/Documents/JUCE/modules/juce_audio_plugin_client/AU";
				OTHER_LDFLAGS = "-weak_framework Metal -weak_framework MetalKit";
				PRODUCT_BUNDLE_IDENTIFIER = com.Blome.ChorusDelay;
				PRODUCT_NAME = "Chorus Delay";
				SKIP_INSTALL = YES;
				USE_HEADERMAP = NO;
				VALID_ARCHS = "i386 x86_64 arm64 arm64e";
			};
			name = Debug;
		};
		3B98A51DDD4CC3EF1BF5AB61 /* Release */ = {
			isa = XCBuildConfiguration;
			buildSettings = {
				ALWAYS_SEARCH_USER_PATHS = NO;
				CLANG_ENABLE_OBJC_WEAK = YES;
				CLANG_WARN_BLOCK_CAPTURE_AUTORELEASING = YES;
				CLANG_WARN_BOOL_CONVERSION = YES;
				CLANG_WARN_COMMA = YES;
				CLANG_WARN_CONSTANT_CONVERSION = YES;
				CLANG_WARN_DEPRECATED_OBJC_IMPLEMENTATIONS = YES;
				CLANG_WARN_EMPTY_BODY = YES;
				CLANG_WARN_ENUM_CONVERSION = YES;
				CLANG_WARN_INFINITE_RECURSION = YES;
				CLANG_WARN_INT_CONVERSION = YES;
				CLANG_WARN_NON_LITERAL_NULL_CONVERSION = YES;
				CLANG_WARN_OBJC_IMPLICIT_RETAIN_SELF = YES;
				CLANG_WARN_OBJC_LITERAL_CONVERSION = YES;
				CLANG_WARN_RANGE_LOOP_ANALYSIS = YES;
				CLANG_WARN_STRICT_PROTOTYPES = YES;
				CLANG_WARN_SUSPICIOUS_MOVE = YES;
				CLANG_WARN_UNREACHABLE_CODE = YES;
				CLANG_WARN__DUPLICATE_METHOD_MATCH = YES;
				DEBUG_INFORMATION_FORMAT = dwarf;
				ENABLE_STRICT_OBJC_MSGSEND = YES;
				ENABLE_TESTABILITY = NO;
				GCC_C_LANGUAGE_STANDARD = c11;
				GCC_INLINES_ARE_PRIVATE_EXTERN = YES;
				GCC_MODEL_TUNING = G5;
				GCC_NO_COMMON_BLOCKS = YES;
				GCC_SYMBOLS_PRIVATE_EXTERN = YES;
				GCC_WARN_64_TO_32_BIT_CONVERSION = YES;
				GCC_WARN_ABOUT_RETURN_TYPE = YES;
				GCC_WARN_CHECK_SWITCH_STATEMENTS = YES;
				GCC_WARN_MISSING_PARENTHESES = YES;
				GCC_WARN_NON_VIRTUAL_DESTRUCTOR = YES;
				GCC_WARN_TYPECHECK_CALLS_TO_PRINTF = YES;
				GCC_WARN_UNDECLARED_SELECTOR = YES;
				GCC_WARN_UNINITIALIZED_AUTOS = YES;
				GCC_WARN_UNUSED_FUNCTION = YES;
				GCC_WARN_UNUSED_VARIABLE = YES;
				PRODUCT_NAME = "Chorus Delay";
				SDKROOT = macosx;
				WARNING_CFLAGS = "-Wreorder";
				ZERO_LINK = NO;
			};
			name = Release;
		};
		3E8E25ABA2FA12F788D160CD /* Debug */ = {
			isa = XCBuildConfiguration;
			buildSettings = {
				CLANG_CXX_LANGUAGE_STANDARD = "c++17";
				CLANG_CXX_LIBRARY = "libc++";
				CLANG_LINK_OBJC_RUNTIME = NO;
				COMBINE_HIDPI_IMAGES = YES;
				CONFIGURATION_BUILD_DIR = "$(PROJECT_DIR)/build/$(CONFIGURATION)";
				COPY_PHASE_STRIP = NO;
				DEPLOYMENT_LOCATION = YES;
				DSTROOT = /;
				EXCLUDED_ARCHS = "";
				GCC_DYNAMIC_NO_PIC = NO;
				GCC_OPTIMIZATION_LEVEL = 0;
				GCC_PREPROCESSOR_DEFINITIONS = (
					"_DEBUG=1",
					"DEBUG=1",
					"JUCE_DISPLAY_SPLASH_SCREEN=1",
					"JUCE_USE_DARK_SPLASH_SCREEN=1",
					"JUCE_PROJUCER_VERSION=0x70005",
					"JUCE_MODULE_AVAILABLE_juce_audio_basics=1",
					"JUCE_MODULE_AVAILABLE_juce_audio_devices=1",
					"JUCE_MODULE_AVAILABLE_juce_audio_formats=1",
					"JUCE_MODULE_AVAILABLE_juce_audio_plugin_client=1",
					"JUCE_MODULE_AVAILABLE_juce_audio_processors=1",
					"JUCE_MODULE_AVAILABLE_juce_audio_utils=1",
					"JUCE_MODULE_AVAILABLE_juce_core=1",
					"JUCE_MODULE_AVAILABLE_juce_data_structures=1",
					"JUCE_MODULE_AVAILABLE_juce_dsp=1",
					"JUCE_MODULE_AVAILABLE_juce_events=1",
					"JUCE_MODULE_AVAILABLE_juce_graphics=1",
					"JUCE_MODULE_AVAILABLE_juce_gui_basics=1",
					"JUCE_MODULE_AVAILABLE_juce_gui_extra=1",
					"JUCE_GLOBAL_MODULE_SETTINGS_INCLUDED=1",
					"JUCE_VST3_CAN_REPLACE_VST2=0",
					"JUCE_STRICT_REFCOUNTEDPOINTER=1",
					"JucePlugin_Build_VST=0",
					"JucePlugin_Build_VST3=0",
					"JucePlugin_Build_AU=1",
					"JucePlugin_Build_AUv3=0",
					"JucePlugin_Build_AAX=0",
					"JucePlugin_Build_Standalone=0",
					"JucePlugin_Build_Unity=0",
					"JucePlugin_Build_LV2=0",
					"JucePlugin_Enable_IAA=0",
					"JucePlugin_Enable_ARA=0",
					"JucePlugin_Name=\\\"Chorus\\ Delay\\\"",
					"JucePlugin_Desc=\\\"Chorus\\ Delay\\\"",
					"JucePlugin_Manufacturer=\\\"Blome\\\"",
					"JucePlugin_ManufacturerWebsite=\\\"www.Blome.com\\\"",
					"JucePlugin_ManufacturerEmail=\\\"\\\"",
					"JucePlugin_ManufacturerCode=0x4d616e75",
					"JucePlugin_PluginCode=0x5970726f",
					"JucePlugin_IsSynth=0",
					"JucePlugin_WantsMidiInput=0",
					"JucePlugin_ProducesMidiOutput=0",
					"JucePlugin_IsMidiEffect=0",
					"JucePlugin_EditorRequiresKeyboardFocus=0",
					"JucePlugin_Version=1.0.0",
					"JucePlugin_VersionCode=0x10000",
					"JucePlugin_VersionString=\\\"1.0.0\\\"",
					"JucePlugin_VSTUniqueID=JucePlugin_PluginCode",
					"JucePlugin_VSTCategory=kPlugCategEffect",
					"JucePlugin_Vst3Category=\\\"Fx\\\"",
					"JucePlugin_AUMainType=\\'aufx\\'",
					"JucePlugin_AUSubType=JucePlugin_PluginCode",
					"JucePlugin_AUExportPrefix=ChorusDelayAU",
					"JucePlugin_AUExportPrefixQuoted=\\\"ChorusDelayAU\\\"",
					"JucePlugin_AUManufacturerCode=JucePlugin_ManufacturerCode",
					"JucePlugin_CFBundleIdentifier=com.Blome.ChorusDelay",
					"JucePlugin_AAXIdentifier=com.Blome.ChorusDelay",
					"JucePlugin_AAXManufacturerCode=JucePlugin_ManufacturerCode",
					"JucePlugin_AAXProductId=JucePlugin_PluginCode",
					"JucePlugin_AAXCategory=0",
					"JucePlugin_AAXDisableBypass=0",
					"JucePlugin_AAXDisableMultiMono=0",
					"JucePlugin_IAAType=0x61757278",
					"JucePlugin_IAASubType=JucePlugin_PluginCode",
					"JucePlugin_IAAName=\\\"Blome:\\ Chorus\\ Delay\\\"",
					"JucePlugin_VSTNumMidiInputs=16",
					"JucePlugin_VSTNumMidiOutputs=16",
					"JucePlugin_ARAContentTypes=0",
					"JucePlugin_ARATransformationFlags=0",
					"JucePlugin_ARAFactoryID=\\\"com.Blome.ChorusDelay.factory\\\"",
					"JucePlugin_ARADocumentArchiveID=\\\"com.Blome.ChorusDelay.aradocumentarchive.1.0.0\\\"",
					"JucePlugin_ARACompatibleArchiveIDs=\\\"\\\"",
					"JUCE_STANDALONE_APPLICATION=JucePlugin_Build_Standalone",
					"JUCER_XCODE_MAC_F6D2F4CF=1",
					"JUCE_APP_VERSION=1.0.0",
					"JUCE_APP_VERSION_HEX=0x10000",
				);
				GCC_VERSION = com.apple.compilers.llvm.clang.1_0;
				GENERATE_PKGINFO_FILE = YES;
				HEADER_SEARCH_PATHS = (
					"/Users/jonasblome/Documents/JUCE/modules/juce_audio_processors/format_types/VST3_SDK",
					"$(SRCROOT)/../../JuceLibraryCode",
					"/Users/jonasblome/Documents/JUCE/modules",
					"/Users/jonasblome/Documents/JUCE/modules/juce_audio_plugin_client/AU",
					"$(inherited)",
				);
				INFOPLIST_FILE = Info-AU.plist;
				INFOPLIST_PREPROCESS = NO;
				INSTALL_PATH = "$(HOME)/Library/Audio/Plug-Ins/Components/";
				LIBRARY_STYLE = Bundle;
				MACOSX_DEPLOYMENT_TARGET = 10.13;
				MTL_HEADER_SEARCH_PATHS = "/Users/jonasblome/Documents/JUCE/modules/juce_audio_processors/format_types/VST3_SDK $(SRCROOT)/../../JuceLibraryCode /Users/jonasblome/Documents/JUCE/modules /Users/jonasblome/Documents/JUCE/modules/juce_audio_plugin_client/AU";
				OTHER_LDFLAGS = "-bundle -lChorus\\ Delay -weak_framework Metal -weak_framework MetalKit";
				OTHER_REZFLAGS = "-d ppc_$ppc -d i386_$i386 -d ppc64_$ppc64 -d x86_64_$x86_64 -d arm64_$arm64 -I /System/Library/Frameworks/CoreServices.framework/Frameworks/CarbonCore.framework/Versions/A/Headers -I \"$(DEVELOPER_DIR)/Extras/CoreAudio/AudioUnits/AUPublic/AUBase\" -I \"$(DEVELOPER_DIR)/Platforms/MacOSX.platform/Developer/SDKs/MacOSX.sdk/System/Library/Frameworks/AudioUnit.framework/Headers\"";
				PRODUCT_BUNDLE_IDENTIFIER = com.Blome.ChorusDelay;
				PRODUCT_NAME = "Chorus Delay";
				USE_HEADERMAP = NO;
				VALID_ARCHS = "i386 x86_64 arm64 arm64e";
				WRAPPER_EXTENSION = component;
			};
			name = Debug;
		};
		6B84EEA19E96A1179C2D4F78 /* Release */ = {
			isa = XCBuildConfiguration;
			buildSettings = {
				CLANG_CXX_LANGUAGE_STANDARD = "c++17";
				CLANG_CXX_LIBRARY = "libc++";
				CLANG_LINK_OBJC_RUNTIME = NO;
				COMBINE_HIDPI_IMAGES = YES;
				CONFIGURATION_BUILD_DIR = "$(PROJECT_DIR)/build/$(CONFIGURATION)";
				DEAD_CODE_STRIPPING = YES;
				EXCLUDED_ARCHS = "";
				GCC_GENERATE_DEBUGGING_SYMBOLS = NO;
				GCC_OPTIMIZATION_LEVEL = 3;
				GCC_PREPROCESSOR_DEFINITIONS = (
					"_NDEBUG=1",
					"NDEBUG=1",
					"JUCE_DISPLAY_SPLASH_SCREEN=1",
					"JUCE_USE_DARK_SPLASH_SCREEN=1",
					"JUCE_PROJUCER_VERSION=0x70005",
					"JUCE_MODULE_AVAILABLE_juce_audio_basics=1",
					"JUCE_MODULE_AVAILABLE_juce_audio_devices=1",
					"JUCE_MODULE_AVAILABLE_juce_audio_formats=1",
					"JUCE_MODULE_AVAILABLE_juce_audio_plugin_client=1",
					"JUCE_MODULE_AVAILABLE_juce_audio_processors=1",
					"JUCE_MODULE_AVAILABLE_juce_audio_utils=1",
					"JUCE_MODULE_AVAILABLE_juce_core=1",
					"JUCE_MODULE_AVAILABLE_juce_data_structures=1",
					"JUCE_MODULE_AVAILABLE_juce_dsp=1",
					"JUCE_MODULE_AVAILABLE_juce_events=1",
					"JUCE_MODULE_AVAILABLE_juce_graphics=1",
					"JUCE_MODULE_AVAILABLE_juce_gui_basics=1",
					"JUCE_MODULE_AVAILABLE_juce_gui_extra=1",
					"JUCE_GLOBAL_MODULE_SETTINGS_INCLUDED=1",
					"JUCE_VST3_CAN_REPLACE_VST2=0",
					"JUCE_STRICT_REFCOUNTEDPOINTER=1",
					"JucePlugin_Build_VST=0",
					"JucePlugin_Build_VST3=0",
					"JucePlugin_Build_AU=0",
					"JucePlugin_Build_AUv3=0",
					"JucePlugin_Build_AAX=0",
					"JucePlugin_Build_Standalone=1",
					"JucePlugin_Build_Unity=0",
					"JucePlugin_Build_LV2=0",
					"JucePlugin_Enable_IAA=0",
					"JucePlugin_Enable_ARA=0",
					"JucePlugin_Name=\\\"Chorus\\ Delay\\\"",
					"JucePlugin_Desc=\\\"Chorus\\ Delay\\\"",
					"JucePlugin_Manufacturer=\\\"Blome\\\"",
					"JucePlugin_ManufacturerWebsite=\\\"www.Blome.com\\\"",
					"JucePlugin_ManufacturerEmail=\\\"\\\"",
					"JucePlugin_ManufacturerCode=0x4d616e75",
					"JucePlugin_PluginCode=0x5970726f",
					"JucePlugin_IsSynth=0",
					"JucePlugin_WantsMidiInput=0",
					"JucePlugin_ProducesMidiOutput=0",
					"JucePlugin_IsMidiEffect=0",
					"JucePlugin_EditorRequiresKeyboardFocus=0",
					"JucePlugin_Version=1.0.0",
					"JucePlugin_VersionCode=0x10000",
					"JucePlugin_VersionString=\\\"1.0.0\\\"",
					"JucePlugin_VSTUniqueID=JucePlugin_PluginCode",
					"JucePlugin_VSTCategory=kPlugCategEffect",
					"JucePlugin_Vst3Category=\\\"Fx\\\"",
					"JucePlugin_AUMainType=\\'aufx\\'",
					"JucePlugin_AUSubType=JucePlugin_PluginCode",
					"JucePlugin_AUExportPrefix=ChorusDelayAU",
					"JucePlugin_AUExportPrefixQuoted=\\\"ChorusDelayAU\\\"",
					"JucePlugin_AUManufacturerCode=JucePlugin_ManufacturerCode",
					"JucePlugin_CFBundleIdentifier=com.Blome.ChorusDelay",
					"JucePlugin_AAXIdentifier=com.Blome.ChorusDelay",
					"JucePlugin_AAXManufacturerCode=JucePlugin_ManufacturerCode",
					"JucePlugin_AAXProductId=JucePlugin_PluginCode",
					"JucePlugin_AAXCategory=0",
					"JucePlugin_AAXDisableBypass=0",
					"JucePlugin_AAXDisableMultiMono=0",
					"JucePlugin_IAAType=0x61757278",
					"JucePlugin_IAASubType=JucePlugin_PluginCode",
					"JucePlugin_IAAName=\\\"Blome:\\ Chorus\\ Delay\\\"",
					"JucePlugin_VSTNumMidiInputs=16",
					"JucePlugin_VSTNumMidiOutputs=16",
					"JucePlugin_ARAContentTypes=0",
					"JucePlugin_ARATransformationFlags=0",
					"JucePlugin_ARAFactoryID=\\\"com.Blome.ChorusDelay.factory\\\"",
					"JucePlugin_ARADocumentArchiveID=\\\"com.Blome.ChorusDelay.aradocumentarchive.1.0.0\\\"",
					"JucePlugin_ARACompatibleArchiveIDs=\\\"\\\"",
					"JUCE_STANDALONE_APPLICATION=JucePlugin_Build_Standalone",
					"JUCER_XCODE_MAC_F6D2F4CF=1",
					"JUCE_APP_VERSION=1.0.0",
					"JUCE_APP_VERSION_HEX=0x10000",
				);
				GCC_VERSION = com.apple.compilers.llvm.clang.1_0;
				HEADER_SEARCH_PATHS = (
					"/Users/jonasblome/Documents/JUCE/modules/juce_audio_processors/format_types/VST3_SDK",
					"$(SRCROOT)/../../JuceLibraryCode",
					"/Users/jonasblome/Documents/JUCE/modules",
					"/Users/jonasblome/Documents/JUCE/modules/juce_audio_plugin_client/AU",
					"$(inherited)",
				);
				INFOPLIST_FILE = Info-Standalone_Plugin.plist;
				INFOPLIST_PREPROCESS = NO;
				LLVM_LTO = YES;
				MACOSX_DEPLOYMENT_TARGET = 10.13;
				MTL_HEADER_SEARCH_PATHS = "/Users/jonasblome/Documents/JUCE/modules/juce_audio_processors/format_types/VST3_SDK $(SRCROOT)/../../JuceLibraryCode /Users/jonasblome/Documents/JUCE/modules /Users/jonasblome/Documents/JUCE/modules/juce_audio_plugin_client/AU";
				OTHER_LDFLAGS = "-lChorus\\ Delay -weak_framework Metal -weak_framework MetalKit";
				PRODUCT_BUNDLE_IDENTIFIER = com.Blome.ChorusDelay;
				PRODUCT_NAME = "Chorus Delay";
				USE_HEADERMAP = NO;
				VALID_ARCHS = "i386 x86_64 arm64 arm64e";
			};
			name = Release;
		};
		80FDB0BE8CDD068D3FDF177E /* Release */ = {
			isa = XCBuildConfiguration;
			buildSettings = {
				MACOSX_DEPLOYMENT_TARGET = 10.13;
				SDKROOT = macosx;
			};
			name = Release;
		};
		81BBC616317BCF7F51DC3D5D /* Release */ = {
			isa = XCBuildConfiguration;
			buildSettings = {
				CLANG_CXX_LANGUAGE_STANDARD = "c++17";
				CLANG_CXX_LIBRARY = "libc++";
				CLANG_LINK_OBJC_RUNTIME = NO;
				COMBINE_HIDPI_IMAGES = YES;
				CONFIGURATION_BUILD_DIR = "$(PROJECT_DIR)/build/$(CONFIGURATION)";
				DEAD_CODE_STRIPPING = YES;
				EXCLUDED_ARCHS = "";
				GCC_GENERATE_DEBUGGING_SYMBOLS = NO;
				GCC_OPTIMIZATION_LEVEL = 3;
				GCC_PREPROCESSOR_DEFINITIONS = (
					"_NDEBUG=1",
					"NDEBUG=1",
					"JUCE_DISPLAY_SPLASH_SCREEN=1",
					"JUCE_USE_DARK_SPLASH_SCREEN=1",
					"JUCE_PROJUCER_VERSION=0x70005",
					"JUCE_MODULE_AVAILABLE_juce_audio_basics=1",
					"JUCE_MODULE_AVAILABLE_juce_audio_devices=1",
					"JUCE_MODULE_AVAILABLE_juce_audio_formats=1",
					"JUCE_MODULE_AVAILABLE_juce_audio_plugin_client=1",
					"JUCE_MODULE_AVAILABLE_juce_audio_processors=1",
					"JUCE_MODULE_AVAILABLE_juce_audio_utils=1",
					"JUCE_MODULE_AVAILABLE_juce_core=1",
					"JUCE_MODULE_AVAILABLE_juce_data_structures=1",
					"JUCE_MODULE_AVAILABLE_juce_dsp=1",
					"JUCE_MODULE_AVAILABLE_juce_events=1",
					"JUCE_MODULE_AVAILABLE_juce_graphics=1",
					"JUCE_MODULE_AVAILABLE_juce_gui_basics=1",
					"JUCE_MODULE_AVAILABLE_juce_gui_extra=1",
					"JUCE_GLOBAL_MODULE_SETTINGS_INCLUDED=1",
					"JUCE_VST3_CAN_REPLACE_VST2=0",
					"JUCE_STRICT_REFCOUNTEDPOINTER=1",
					"JucePlugin_Build_VST=0",
					"JucePlugin_Build_VST3=1",
					"JucePlugin_Build_AU=1",
					"JucePlugin_Build_AUv3=0",
					"JucePlugin_Build_AAX=0",
					"JucePlugin_Build_Standalone=1",
					"JucePlugin_Build_Unity=0",
					"JucePlugin_Build_LV2=0",
					"JucePlugin_Enable_IAA=0",
					"JucePlugin_Enable_ARA=0",
					"JucePlugin_Name=\\\"Chorus\\ Delay\\\"",
					"JucePlugin_Desc=\\\"Chorus\\ Delay\\\"",
					"JucePlugin_Manufacturer=\\\"Blome\\\"",
					"JucePlugin_ManufacturerWebsite=\\\"www.Blome.com\\\"",
					"JucePlugin_ManufacturerEmail=\\\"\\\"",
					"JucePlugin_ManufacturerCode=0x4d616e75",
					"JucePlugin_PluginCode=0x5970726f",
					"JucePlugin_IsSynth=0",
					"JucePlugin_WantsMidiInput=0",
					"JucePlugin_ProducesMidiOutput=0",
					"JucePlugin_IsMidiEffect=0",
					"JucePlugin_EditorRequiresKeyboardFocus=0",
					"JucePlugin_Version=1.0.0",
					"JucePlugin_VersionCode=0x10000",
					"JucePlugin_VersionString=\\\"1.0.0\\\"",
					"JucePlugin_VSTUniqueID=JucePlugin_PluginCode",
					"JucePlugin_VSTCategory=kPlugCategEffect",
					"JucePlugin_Vst3Category=\\\"Fx\\\"",
					"JucePlugin_AUMainType=\\'aufx\\'",
					"JucePlugin_AUSubType=JucePlugin_PluginCode",
					"JucePlugin_AUExportPrefix=ChorusDelayAU",
					"JucePlugin_AUExportPrefixQuoted=\\\"ChorusDelayAU\\\"",
					"JucePlugin_AUManufacturerCode=JucePlugin_ManufacturerCode",
					"JucePlugin_CFBundleIdentifier=com.Blome.ChorusDelay",
					"JucePlugin_AAXIdentifier=com.Blome.ChorusDelay",
					"JucePlugin_AAXManufacturerCode=JucePlugin_ManufacturerCode",
					"JucePlugin_AAXProductId=JucePlugin_PluginCode",
					"JucePlugin_AAXCategory=0",
					"JucePlugin_AAXDisableBypass=0",
					"JucePlugin_AAXDisableMultiMono=0",
					"JucePlugin_IAAType=0x61757278",
					"JucePlugin_IAASubType=JucePlugin_PluginCode",
					"JucePlugin_IAAName=\\\"Blome:\\ Chorus\\ Delay\\\"",
					"JucePlugin_VSTNumMidiInputs=16",
					"JucePlugin_VSTNumMidiOutputs=16",
					"JucePlugin_ARAContentTypes=0",
					"JucePlugin_ARATransformationFlags=0",
					"JucePlugin_ARAFactoryID=\\\"com.Blome.ChorusDelay.factory\\\"",
					"JucePlugin_ARADocumentArchiveID=\\\"com.Blome.ChorusDelay.aradocumentarchive.1.0.0\\\"",
					"JucePlugin_ARACompatibleArchiveIDs=\\\"\\\"",
					"JUCE_STANDALONE_APPLICATION=JucePlugin_Build_Standalone",
					"JUCER_XCODE_MAC_F6D2F4CF=1",
					"JUCE_APP_VERSION=1.0.0",
					"JUCE_APP_VERSION_HEX=0x10000",
					"JUCE_SHARED_CODE=1",
				);
				GCC_VERSION = com.apple.compilers.llvm.clang.1_0;
				HEADER_SEARCH_PATHS = (
					"/Users/jonasblome/Documents/JUCE/modules/juce_audio_processors/format_types/VST3_SDK",
					"$(SRCROOT)/../../JuceLibraryCode",
					"/Users/jonasblome/Documents/JUCE/modules",
					"/Users/jonasblome/Documents/JUCE/modules/juce_audio_plugin_client/AU",
					"$(inherited)",
				);
				INSTALL_PATH = "@executable_path/../Frameworks";
				LLVM_LTO = YES;
				MACOSX_DEPLOYMENT_TARGET = 10.13;
				MTL_HEADER_SEARCH_PATHS = "/Users/jonasblome/Documents/JUCE/modules/juce_audio_processors/format_types/VST3_SDK $(SRCROOT)/../../JuceLibraryCode /Users/jonasblome/Documents/JUCE/modules /Users/jonasblome/Documents/JUCE/modules/juce_audio_plugin_client/AU";
				OTHER_LDFLAGS = "-weak_framework Metal -weak_framework MetalKit";
				PRODUCT_BUNDLE_IDENTIFIER = com.Blome.ChorusDelay;
				PRODUCT_NAME = "Chorus Delay";
				SKIP_INSTALL = YES;
				USE_HEADERMAP = NO;
				VALID_ARCHS = "i386 x86_64 arm64 arm64e";
			};
			name = Release;
		};
		832C2E56FC1BB188B7FC05E2 /* Debug */ = {
			isa = XCBuildConfiguration;
			buildSettings = {
				CLANG_CXX_LANGUAGE_STANDARD = "c++17";
				CLANG_CXX_LIBRARY = "libc++";
				CLANG_LINK_OBJC_RUNTIME = NO;
				COMBINE_HIDPI_IMAGES = YES;
				CONFIGURATION_BUILD_DIR = "$(PROJECT_DIR)/build/$(CONFIGURATION)";
				COPY_PHASE_STRIP = NO;
				DEPLOYMENT_LOCATION = YES;
				DSTROOT = /;
				EXCLUDED_ARCHS = "";
				GCC_DYNAMIC_NO_PIC = NO;
				GCC_OPTIMIZATION_LEVEL = 0;
				GCC_PREPROCESSOR_DEFINITIONS = (
					"_DEBUG=1",
					"DEBUG=1",
					"JUCE_DISPLAY_SPLASH_SCREEN=1",
					"JUCE_USE_DARK_SPLASH_SCREEN=1",
					"JUCE_PROJUCER_VERSION=0x70005",
					"JUCE_MODULE_AVAILABLE_juce_audio_basics=1",
					"JUCE_MODULE_AVAILABLE_juce_audio_devices=1",
					"JUCE_MODULE_AVAILABLE_juce_audio_formats=1",
					"JUCE_MODULE_AVAILABLE_juce_audio_plugin_client=1",
					"JUCE_MODULE_AVAILABLE_juce_audio_processors=1",
					"JUCE_MODULE_AVAILABLE_juce_audio_utils=1",
					"JUCE_MODULE_AVAILABLE_juce_core=1",
					"JUCE_MODULE_AVAILABLE_juce_data_structures=1",
					"JUCE_MODULE_AVAILABLE_juce_dsp=1",
					"JUCE_MODULE_AVAILABLE_juce_events=1",
					"JUCE_MODULE_AVAILABLE_juce_graphics=1",
					"JUCE_MODULE_AVAILABLE_juce_gui_basics=1",
					"JUCE_MODULE_AVAILABLE_juce_gui_extra=1",
					"JUCE_GLOBAL_MODULE_SETTINGS_INCLUDED=1",
					"JUCE_VST3_CAN_REPLACE_VST2=0",
					"JUCE_STRICT_REFCOUNTEDPOINTER=1",
					"JucePlugin_Build_VST=0",
					"JucePlugin_Build_VST3=1",
					"JucePlugin_Build_AU=0",
					"JucePlugin_Build_AUv3=0",
					"JucePlugin_Build_AAX=0",
					"JucePlugin_Build_Standalone=0",
					"JucePlugin_Build_Unity=0",
					"JucePlugin_Build_LV2=0",
					"JucePlugin_Enable_IAA=0",
					"JucePlugin_Enable_ARA=0",
					"JucePlugin_Name=\\\"Chorus\\ Delay\\\"",
					"JucePlugin_Desc=\\\"Chorus\\ Delay\\\"",
					"JucePlugin_Manufacturer=\\\"Blome\\\"",
					"JucePlugin_ManufacturerWebsite=\\\"www.Blome.com\\\"",
					"JucePlugin_ManufacturerEmail=\\\"\\\"",
					"JucePlugin_ManufacturerCode=0x4d616e75",
					"JucePlugin_PluginCode=0x5970726f",
					"JucePlugin_IsSynth=0",
					"JucePlugin_WantsMidiInput=0",
					"JucePlugin_ProducesMidiOutput=0",
					"JucePlugin_IsMidiEffect=0",
					"JucePlugin_EditorRequiresKeyboardFocus=0",
					"JucePlugin_Version=1.0.0",
					"JucePlugin_VersionCode=0x10000",
					"JucePlugin_VersionString=\\\"1.0.0\\\"",
					"JucePlugin_VSTUniqueID=JucePlugin_PluginCode",
					"JucePlugin_VSTCategory=kPlugCategEffect",
					"JucePlugin_Vst3Category=\\\"Fx\\\"",
					"JucePlugin_AUMainType=\\'aufx\\'",
					"JucePlugin_AUSubType=JucePlugin_PluginCode",
					"JucePlugin_AUExportPrefix=ChorusDelayAU",
					"JucePlugin_AUExportPrefixQuoted=\\\"ChorusDelayAU\\\"",
					"JucePlugin_AUManufacturerCode=JucePlugin_ManufacturerCode",
					"JucePlugin_CFBundleIdentifier=com.Blome.ChorusDelay",
					"JucePlugin_AAXIdentifier=com.Blome.ChorusDelay",
					"JucePlugin_AAXManufacturerCode=JucePlugin_ManufacturerCode",
					"JucePlugin_AAXProductId=JucePlugin_PluginCode",
					"JucePlugin_AAXCategory=0",
					"JucePlugin_AAXDisableBypass=0",
					"JucePlugin_AAXDisableMultiMono=0",
					"JucePlugin_IAAType=0x61757278",
					"JucePlugin_IAASubType=JucePlugin_PluginCode",
					"JucePlugin_IAAName=\\\"Blome:\\ Chorus\\ Delay\\\"",
					"JucePlugin_VSTNumMidiInputs=16",
					"JucePlugin_VSTNumMidiOutputs=16",
					"JucePlugin_ARAContentTypes=0",
					"JucePlugin_ARATransformationFlags=0",
					"JucePlugin_ARAFactoryID=\\\"com.Blome.ChorusDelay.factory\\\"",
					"JucePlugin_ARADocumentArchiveID=\\\"com.Blome.ChorusDelay.aradocumentarchive.1.0.0\\\"",
					"JucePlugin_ARACompatibleArchiveIDs=\\\"\\\"",
					"JUCE_STANDALONE_APPLICATION=JucePlugin_Build_Standalone",
					"JUCER_XCODE_MAC_F6D2F4CF=1",
					"JUCE_APP_VERSION=1.0.0",
					"JUCE_APP_VERSION_HEX=0x10000",
				);
				GCC_VERSION = com.apple.compilers.llvm.clang.1_0;
				GENERATE_PKGINFO_FILE = YES;
				HEADER_SEARCH_PATHS = (
					"/Users/jonasblome/Documents/JUCE/modules/juce_audio_processors/format_types/VST3_SDK",
					"$(SRCROOT)/../../JuceLibraryCode",
					"/Users/jonasblome/Documents/JUCE/modules",
					"/Users/jonasblome/Documents/JUCE/modules/juce_audio_plugin_client/AU",
					"$(inherited)",
				);
				INFOPLIST_FILE = Info-VST3.plist;
				INFOPLIST_PREPROCESS = NO;
				INSTALL_PATH = "$(HOME)/Library/Audio/Plug-Ins/VST3/";
				LIBRARY_STYLE = Bundle;
				MACOSX_DEPLOYMENT_TARGET = 10.13;
				MTL_HEADER_SEARCH_PATHS = "/Users/jonasblome/Documents/JUCE/modules/juce_audio_processors/format_types/VST3_SDK $(SRCROOT)/../../JuceLibraryCode /Users/jonasblome/Documents/JUCE/modules /Users/jonasblome/Documents/JUCE/modules/juce_audio_plugin_client/AU";
				OTHER_LDFLAGS = "-bundle -lChorus\\ Delay -weak_framework Metal -weak_framework MetalKit";
				PRODUCT_BUNDLE_IDENTIFIER = com.Blome.ChorusDelay;
				PRODUCT_NAME = "Chorus Delay";
				USE_HEADERMAP = NO;
				VALID_ARCHS = "i386 x86_64 arm64 arm64e";
				WRAPPER_EXTENSION = vst3;
			};
			name = Debug;
		};
		AAF92CC4DA27A9DED5F6C29B /* Debug */ = {
			isa = XCBuildConfiguration;
			buildSettings = {
				ALWAYS_SEARCH_USER_PATHS = NO;
				CLANG_ENABLE_OBJC_WEAK = YES;
				CLANG_WARN_BLOCK_CAPTURE_AUTORELEASING = YES;
				CLANG_WARN_BOOL_CONVERSION = YES;
				CLANG_WARN_COMMA = YES;
				CLANG_WARN_CONSTANT_CONVERSION = YES;
				CLANG_WARN_DEPRECATED_OBJC_IMPLEMENTATIONS = YES;
				CLANG_WARN_EMPTY_BODY = YES;
				CLANG_WARN_ENUM_CONVERSION = YES;
				CLANG_WARN_INFINITE_RECURSION = YES;
				CLANG_WARN_INT_CONVERSION = YES;
				CLANG_WARN_NON_LITERAL_NULL_CONVERSION = YES;
				CLANG_WARN_OBJC_IMPLICIT_RETAIN_SELF = YES;
				CLANG_WARN_OBJC_LITERAL_CONVERSION = YES;
				CLANG_WARN_RANGE_LOOP_ANALYSIS = YES;
				CLANG_WARN_STRICT_PROTOTYPES = YES;
				CLANG_WARN_SUSPICIOUS_MOVE = YES;
				CLANG_WARN_UNREACHABLE_CODE = YES;
				CLANG_WARN__DUPLICATE_METHOD_MATCH = YES;
				DEBUG_INFORMATION_FORMAT = dwarf;
				ENABLE_STRICT_OBJC_MSGSEND = YES;
				ENABLE_TESTABILITY = NO;
				GCC_C_LANGUAGE_STANDARD = c11;
				GCC_INLINES_ARE_PRIVATE_EXTERN = YES;
				GCC_MODEL_TUNING = G5;
				GCC_NO_COMMON_BLOCKS = YES;
				GCC_SYMBOLS_PRIVATE_EXTERN = YES;
				GCC_WARN_64_TO_32_BIT_CONVERSION = YES;
				GCC_WARN_ABOUT_RETURN_TYPE = YES;
				GCC_WARN_CHECK_SWITCH_STATEMENTS = YES;
				GCC_WARN_MISSING_PARENTHESES = YES;
				GCC_WARN_NON_VIRTUAL_DESTRUCTOR = YES;
				GCC_WARN_TYPECHECK_CALLS_TO_PRINTF = YES;
				GCC_WARN_UNDECLARED_SELECTOR = YES;
				GCC_WARN_UNINITIALIZED_AUTOS = YES;
				GCC_WARN_UNUSED_FUNCTION = YES;
				GCC_WARN_UNUSED_VARIABLE = YES;
				ONLY_ACTIVE_ARCH = YES;
				PRODUCT_NAME = "Chorus Delay";
				SDKROOT = macosx;
				WARNING_CFLAGS = "-Wreorder";
				ZERO_LINK = NO;
			};
			name = Debug;
		};
		AB2DF4A65984E86D4635B47B /* Release */ = {
			isa = XCBuildConfiguration;
			buildSettings = {
				CLANG_CXX_LANGUAGE_STANDARD = "c++17";
				CLANG_CXX_LIBRARY = "libc++";
				CLANG_LINK_OBJC_RUNTIME = NO;
				COMBINE_HIDPI_IMAGES = YES;
				CONFIGURATION_BUILD_DIR = "$(PROJECT_DIR)/build/$(CONFIGURATION)";
				DEAD_CODE_STRIPPING = YES;
				DEPLOYMENT_LOCATION = YES;
				DSTROOT = /;
				EXCLUDED_ARCHS = "";
				GCC_GENERATE_DEBUGGING_SYMBOLS = NO;
				GCC_OPTIMIZATION_LEVEL = 3;
				GCC_PREPROCESSOR_DEFINITIONS = (
					"_NDEBUG=1",
					"NDEBUG=1",
					"JUCE_DISPLAY_SPLASH_SCREEN=1",
					"JUCE_USE_DARK_SPLASH_SCREEN=1",
					"JUCE_PROJUCER_VERSION=0x70005",
					"JUCE_MODULE_AVAILABLE_juce_audio_basics=1",
					"JUCE_MODULE_AVAILABLE_juce_audio_devices=1",
					"JUCE_MODULE_AVAILABLE_juce_audio_formats=1",
					"JUCE_MODULE_AVAILABLE_juce_audio_plugin_client=1",
					"JUCE_MODULE_AVAILABLE_juce_audio_processors=1",
					"JUCE_MODULE_AVAILABLE_juce_audio_utils=1",
					"JUCE_MODULE_AVAILABLE_juce_core=1",
					"JUCE_MODULE_AVAILABLE_juce_data_structures=1",
					"JUCE_MODULE_AVAILABLE_juce_dsp=1",
					"JUCE_MODULE_AVAILABLE_juce_events=1",
					"JUCE_MODULE_AVAILABLE_juce_graphics=1",
					"JUCE_MODULE_AVAILABLE_juce_gui_basics=1",
					"JUCE_MODULE_AVAILABLE_juce_gui_extra=1",
					"JUCE_GLOBAL_MODULE_SETTINGS_INCLUDED=1",
					"JUCE_VST3_CAN_REPLACE_VST2=0",
					"JUCE_STRICT_REFCOUNTEDPOINTER=1",
					"JucePlugin_Build_VST=0",
					"JucePlugin_Build_VST3=0",
					"JucePlugin_Build_AU=1",
					"JucePlugin_Build_AUv3=0",
					"JucePlugin_Build_AAX=0",
					"JucePlugin_Build_Standalone=0",
					"JucePlugin_Build_Unity=0",
					"JucePlugin_Build_LV2=0",
					"JucePlugin_Enable_IAA=0",
					"JucePlugin_Enable_ARA=0",
					"JucePlugin_Name=\\\"Chorus\\ Delay\\\"",
					"JucePlugin_Desc=\\\"Chorus\\ Delay\\\"",
					"JucePlugin_Manufacturer=\\\"Blome\\\"",
					"JucePlugin_ManufacturerWebsite=\\\"www.Blome.com\\\"",
					"JucePlugin_ManufacturerEmail=\\\"\\\"",
					"JucePlugin_ManufacturerCode=0x4d616e75",
					"JucePlugin_PluginCode=0x5970726f",
					"JucePlugin_IsSynth=0",
					"JucePlugin_WantsMidiInput=0",
					"JucePlugin_ProducesMidiOutput=0",
					"JucePlugin_IsMidiEffect=0",
					"JucePlugin_EditorRequiresKeyboardFocus=0",
					"JucePlugin_Version=1.0.0",
					"JucePlugin_VersionCode=0x10000",
					"JucePlugin_VersionString=\\\"1.0.0\\\"",
					"JucePlugin_VSTUniqueID=JucePlugin_PluginCode",
					"JucePlugin_VSTCategory=kPlugCategEffect",
					"JucePlugin_Vst3Category=\\\"Fx\\\"",
					"JucePlugin_AUMainType=\\'aufx\\'",
					"JucePlugin_AUSubType=JucePlugin_PluginCode",
					"JucePlugin_AUExportPrefix=ChorusDelayAU",
					"JucePlugin_AUExportPrefixQuoted=\\\"ChorusDelayAU\\\"",
					"JucePlugin_AUManufacturerCode=JucePlugin_ManufacturerCode",
					"JucePlugin_CFBundleIdentifier=com.Blome.ChorusDelay",
					"JucePlugin_AAXIdentifier=com.Blome.ChorusDelay",
					"JucePlugin_AAXManufacturerCode=JucePlugin_ManufacturerCode",
					"JucePlugin_AAXProductId=JucePlugin_PluginCode",
					"JucePlugin_AAXCategory=0",
					"JucePlugin_AAXDisableBypass=0",
					"JucePlugin_AAXDisableMultiMono=0",
					"JucePlugin_IAAType=0x61757278",
					"JucePlugin_IAASubType=JucePlugin_PluginCode",
					"JucePlugin_IAAName=\\\"Blome:\\ Chorus\\ Delay\\\"",
					"JucePlugin_VSTNumMidiInputs=16",
					"JucePlugin_VSTNumMidiOutputs=16",
					"JucePlugin_ARAContentTypes=0",
					"JucePlugin_ARATransformationFlags=0",
					"JucePlugin_ARAFactoryID=\\\"com.Blome.ChorusDelay.factory\\\"",
					"JucePlugin_ARADocumentArchiveID=\\\"com.Blome.ChorusDelay.aradocumentarchive.1.0.0\\\"",
					"JucePlugin_ARACompatibleArchiveIDs=\\\"\\\"",
					"JUCE_STANDALONE_APPLICATION=JucePlugin_Build_Standalone",
					"JUCER_XCODE_MAC_F6D2F4CF=1",
					"JUCE_APP_VERSION=1.0.0",
					"JUCE_APP_VERSION_HEX=0x10000",
				);
				GCC_VERSION = com.apple.compilers.llvm.clang.1_0;
				GENERATE_PKGINFO_FILE = YES;
				HEADER_SEARCH_PATHS = (
					"/Users/jonasblome/Documents/JUCE/modules/juce_audio_processors/format_types/VST3_SDK",
					"$(SRCROOT)/../../JuceLibraryCode",
					"/Users/jonasblome/Documents/JUCE/modules",
					"/Users/jonasblome/Documents/JUCE/modules/juce_audio_plugin_client/AU",
					"$(inherited)",
				);
				INFOPLIST_FILE = Info-AU.plist;
				INFOPLIST_PREPROCESS = NO;
				INSTALL_PATH = "$(HOME)/Library/Audio/Plug-Ins/Components/";
				LIBRARY_STYLE = Bundle;
				LLVM_LTO = YES;
				MACOSX_DEPLOYMENT_TARGET = 10.13;
				MTL_HEADER_SEARCH_PATHS = "/Users/jonasblome/Documents/JUCE/modules/juce_audio_processors/format_types/VST3_SDK $(SRCROOT)/../../JuceLibraryCode /Users/jonasblome/Documents/JUCE/modules /Users/jonasblome/Documents/JUCE/modules/juce_audio_plugin_client/AU";
				OTHER_LDFLAGS = "-bundle -lChorus\\ Delay -weak_framework Metal -weak_framework MetalKit";
				OTHER_REZFLAGS = "-d ppc_$ppc -d i386_$i386 -d ppc64_$ppc64 -d x86_64_$x86_64 -d arm64_$arm64 -I /System/Library/Frameworks/CoreServices.framework/Frameworks/CarbonCore.framework/Versions/A/Headers -I \"$(DEVELOPER_DIR)/Extras/CoreAudio/AudioUnits/AUPublic/AUBase\" -I \"$(DEVELOPER_DIR)/Platforms/MacOSX.platform/Developer/SDKs/MacOSX.sdk/System/Library/Frameworks/AudioUnit.framework/Headers\"";
				PRODUCT_BUNDLE_IDENTIFIER = com.Blome.ChorusDelay;
				PRODUCT_NAME = "Chorus Delay";
				USE_HEADERMAP = NO;
				VALID_ARCHS = "i386 x86_64 arm64 arm64e";
				WRAPPER_EXTENSION = component;
			};
			name = Release;
		};
		AC1E5C4B756ECD1003686079 /* Release */ = {
			isa = XCBuildConfiguration;
			buildSettings = {
				CLANG_CXX_LANGUAGE_STANDARD = "c++17";
				CLANG_CXX_LIBRARY = "libc++";
				CLANG_LINK_OBJC_RUNTIME = NO;
				COMBINE_HIDPI_IMAGES = YES;
				CONFIGURATION_BUILD_DIR = "$(PROJECT_DIR)/build/$(CONFIGURATION)";
				DEAD_CODE_STRIPPING = YES;
				DEPLOYMENT_LOCATION = YES;
				DSTROOT = /;
				EXCLUDED_ARCHS = "";
				GCC_GENERATE_DEBUGGING_SYMBOLS = NO;
				GCC_OPTIMIZATION_LEVEL = 3;
				GCC_PREPROCESSOR_DEFINITIONS = (
					"_NDEBUG=1",
					"NDEBUG=1",
					"JUCE_DISPLAY_SPLASH_SCREEN=1",
					"JUCE_USE_DARK_SPLASH_SCREEN=1",
					"JUCE_PROJUCER_VERSION=0x70005",
					"JUCE_MODULE_AVAILABLE_juce_audio_basics=1",
					"JUCE_MODULE_AVAILABLE_juce_audio_devices=1",
					"JUCE_MODULE_AVAILABLE_juce_audio_formats=1",
					"JUCE_MODULE_AVAILABLE_juce_audio_plugin_client=1",
					"JUCE_MODULE_AVAILABLE_juce_audio_processors=1",
					"JUCE_MODULE_AVAILABLE_juce_audio_utils=1",
					"JUCE_MODULE_AVAILABLE_juce_core=1",
					"JUCE_MODULE_AVAILABLE_juce_data_structures=1",
					"JUCE_MODULE_AVAILABLE_juce_dsp=1",
					"JUCE_MODULE_AVAILABLE_juce_events=1",
					"JUCE_MODULE_AVAILABLE_juce_graphics=1",
					"JUCE_MODULE_AVAILABLE_juce_gui_basics=1",
					"JUCE_MODULE_AVAILABLE_juce_gui_extra=1",
					"JUCE_GLOBAL_MODULE_SETTINGS_INCLUDED=1",
					"JUCE_VST3_CAN_REPLACE_VST2=0",
					"JUCE_STRICT_REFCOUNTEDPOINTER=1",
					"JucePlugin_Build_VST=0",
					"JucePlugin_Build_VST3=1",
					"JucePlugin_Build_AU=0",
					"JucePlugin_Build_AUv3=0",
					"JucePlugin_Build_AAX=0",
					"JucePlugin_Build_Standalone=0",
					"JucePlugin_Build_Unity=0",
					"JucePlugin_Build_LV2=0",
					"JucePlugin_Enable_IAA=0",
					"JucePlugin_Enable_ARA=0",
					"JucePlugin_Name=\\\"Chorus\\ Delay\\\"",
					"JucePlugin_Desc=\\\"Chorus\\ Delay\\\"",
					"JucePlugin_Manufacturer=\\\"Blome\\\"",
					"JucePlugin_ManufacturerWebsite=\\\"www.Blome.com\\\"",
					"JucePlugin_ManufacturerEmail=\\\"\\\"",
					"JucePlugin_ManufacturerCode=0x4d616e75",
					"JucePlugin_PluginCode=0x5970726f",
					"JucePlugin_IsSynth=0",
					"JucePlugin_WantsMidiInput=0",
					"JucePlugin_ProducesMidiOutput=0",
					"JucePlugin_IsMidiEffect=0",
					"JucePlugin_EditorRequiresKeyboardFocus=0",
					"JucePlugin_Version=1.0.0",
					"JucePlugin_VersionCode=0x10000",
					"JucePlugin_VersionString=\\\"1.0.0\\\"",
					"JucePlugin_VSTUniqueID=JucePlugin_PluginCode",
					"JucePlugin_VSTCategory=kPlugCategEffect",
					"JucePlugin_Vst3Category=\\\"Fx\\\"",
					"JucePlugin_AUMainType=\\'aufx\\'",
					"JucePlugin_AUSubType=JucePlugin_PluginCode",
					"JucePlugin_AUExportPrefix=ChorusDelayAU",
					"JucePlugin_AUExportPrefixQuoted=\\\"ChorusDelayAU\\\"",
					"JucePlugin_AUManufacturerCode=JucePlugin_ManufacturerCode",
					"JucePlugin_CFBundleIdentifier=com.Blome.ChorusDelay",
					"JucePlugin_AAXIdentifier=com.Blome.ChorusDelay",
					"JucePlugin_AAXManufacturerCode=JucePlugin_ManufacturerCode",
					"JucePlugin_AAXProductId=JucePlugin_PluginCode",
					"JucePlugin_AAXCategory=0",
					"JucePlugin_AAXDisableBypass=0",
					"JucePlugin_AAXDisableMultiMono=0",
					"JucePlugin_IAAType=0x61757278",
					"JucePlugin_IAASubType=JucePlugin_PluginCode",
					"JucePlugin_IAAName=\\\"Blome:\\ Chorus\\ Delay\\\"",
					"JucePlugin_VSTNumMidiInputs=16",
					"JucePlugin_VSTNumMidiOutputs=16",
					"JucePlugin_ARAContentTypes=0",
					"JucePlugin_ARATransformationFlags=0",
					"JucePlugin_ARAFactoryID=\\\"com.Blome.ChorusDelay.factory\\\"",
					"JucePlugin_ARADocumentArchiveID=\\\"com.Blome.ChorusDelay.aradocumentarchive.1.0.0\\\"",
					"JucePlugin_ARACompatibleArchiveIDs=\\\"\\\"",
					"JUCE_STANDALONE_APPLICATION=JucePlugin_Build_Standalone",
					"JUCER_XCODE_MAC_F6D2F4CF=1",
					"JUCE_APP_VERSION=1.0.0",
					"JUCE_APP_VERSION_HEX=0x10000",
				);
				GCC_VERSION = com.apple.compilers.llvm.clang.1_0;
				GENERATE_PKGINFO_FILE = YES;
				HEADER_SEARCH_PATHS = (
					"/Users/jonasblome/Documents/JUCE/modules/juce_audio_processors/format_types/VST3_SDK",
					"$(SRCROOT)/../../JuceLibraryCode",
					"/Users/jonasblome/Documents/JUCE/modules",
					"/Users/jonasblome/Documents/JUCE/modules/juce_audio_plugin_client/AU",
					"$(inherited)",
				);
				INFOPLIST_FILE = Info-VST3.plist;
				INFOPLIST_PREPROCESS = NO;
				INSTALL_PATH = "$(HOME)/Library/Audio/Plug-Ins/VST3/";
				LIBRARY_STYLE = Bundle;
				LLVM_LTO = YES;
				MACOSX_DEPLOYMENT_TARGET = 10.13;
				MTL_HEADER_SEARCH_PATHS = "/Users/jonasblome/Documents/JUCE/modules/juce_audio_processors/format_types/VST3_SDK $(SRCROOT)/../../JuceLibraryCode /Users/jonasblome/Documents/JUCE/modules /Users/jonasblome/Documents/JUCE/modules/juce_audio_plugin_client/AU";
				OTHER_LDFLAGS = "-bundle -lChorus\\ Delay -weak_framework Metal -weak_framework MetalKit";
				PRODUCT_BUNDLE_IDENTIFIER = com.Blome.ChorusDelay;
				PRODUCT_NAME = "Chorus Delay";
				USE_HEADERMAP = NO;
				VALID_ARCHS = "i386 x86_64 arm64 arm64e";
				WRAPPER_EXTENSION = vst3;
			};
			name = Release;
		};
		D6B5C988FDFFB2FB27C14C46 /* Debug */ = {
			isa = XCBuildConfiguration;
			buildSettings = {
				CLANG_CXX_LANGUAGE_STANDARD = "c++17";
				CLANG_CXX_LIBRARY = "libc++";
				CLANG_LINK_OBJC_RUNTIME = NO;
				COMBINE_HIDPI_IMAGES = YES;
				CONFIGURATION_BUILD_DIR = "$(PROJECT_DIR)/build/$(CONFIGURATION)";
				COPY_PHASE_STRIP = NO;
				EXCLUDED_ARCHS = "";
				GCC_DYNAMIC_NO_PIC = NO;
				GCC_OPTIMIZATION_LEVEL = 0;
				GCC_PREPROCESSOR_DEFINITIONS = (
					"_DEBUG=1",
					"DEBUG=1",
					"JUCE_DISPLAY_SPLASH_SCREEN=1",
					"JUCE_USE_DARK_SPLASH_SCREEN=1",
					"JUCE_PROJUCER_VERSION=0x70005",
					"JUCE_MODULE_AVAILABLE_juce_audio_basics=1",
					"JUCE_MODULE_AVAILABLE_juce_audio_devices=1",
					"JUCE_MODULE_AVAILABLE_juce_audio_formats=1",
					"JUCE_MODULE_AVAILABLE_juce_audio_plugin_client=1",
					"JUCE_MODULE_AVAILABLE_juce_audio_processors=1",
					"JUCE_MODULE_AVAILABLE_juce_audio_utils=1",
					"JUCE_MODULE_AVAILABLE_juce_core=1",
					"JUCE_MODULE_AVAILABLE_juce_data_structures=1",
					"JUCE_MODULE_AVAILABLE_juce_dsp=1",
					"JUCE_MODULE_AVAILABLE_juce_events=1",
					"JUCE_MODULE_AVAILABLE_juce_graphics=1",
					"JUCE_MODULE_AVAILABLE_juce_gui_basics=1",
					"JUCE_MODULE_AVAILABLE_juce_gui_extra=1",
					"JUCE_GLOBAL_MODULE_SETTINGS_INCLUDED=1",
					"JUCE_VST3_CAN_REPLACE_VST2=0",
					"JUCE_STRICT_REFCOUNTEDPOINTER=1",
					"JucePlugin_Build_VST=0",
					"JucePlugin_Build_VST3=0",
					"JucePlugin_Build_AU=0",
					"JucePlugin_Build_AUv3=0",
					"JucePlugin_Build_AAX=0",
					"JucePlugin_Build_Standalone=1",
					"JucePlugin_Build_Unity=0",
					"JucePlugin_Build_LV2=0",
					"JucePlugin_Enable_IAA=0",
					"JucePlugin_Enable_ARA=0",
					"JucePlugin_Name=\\\"Chorus\\ Delay\\\"",
					"JucePlugin_Desc=\\\"Chorus\\ Delay\\\"",
					"JucePlugin_Manufacturer=\\\"Blome\\\"",
					"JucePlugin_ManufacturerWebsite=\\\"www.Blome.com\\\"",
					"JucePlugin_ManufacturerEmail=\\\"\\\"",
					"JucePlugin_ManufacturerCode=0x4d616e75",
					"JucePlugin_PluginCode=0x5970726f",
					"JucePlugin_IsSynth=0",
					"JucePlugin_WantsMidiInput=0",
					"JucePlugin_ProducesMidiOutput=0",
					"JucePlugin_IsMidiEffect=0",
					"JucePlugin_EditorRequiresKeyboardFocus=0",
					"JucePlugin_Version=1.0.0",
					"JucePlugin_VersionCode=0x10000",
					"JucePlugin_VersionString=\\\"1.0.0\\\"",
					"JucePlugin_VSTUniqueID=JucePlugin_PluginCode",
					"JucePlugin_VSTCategory=kPlugCategEffect",
					"JucePlugin_Vst3Category=\\\"Fx\\\"",
					"JucePlugin_AUMainType=\\'aufx\\'",
					"JucePlugin_AUSubType=JucePlugin_PluginCode",
					"JucePlugin_AUExportPrefix=ChorusDelayAU",
					"JucePlugin_AUExportPrefixQuoted=\\\"ChorusDelayAU\\\"",
					"JucePlugin_AUManufacturerCode=JucePlugin_ManufacturerCode",
					"JucePlugin_CFBundleIdentifier=com.Blome.ChorusDelay",
					"JucePlugin_AAXIdentifier=com.Blome.ChorusDelay",
					"JucePlugin_AAXManufacturerCode=JucePlugin_ManufacturerCode",
					"JucePlugin_AAXProductId=JucePlugin_PluginCode",
					"JucePlugin_AAXCategory=0",
					"JucePlugin_AAXDisableBypass=0",
					"JucePlugin_AAXDisableMultiMono=0",
					"JucePlugin_IAAType=0x61757278",
					"JucePlugin_IAASubType=JucePlugin_PluginCode",
					"JucePlugin_IAAName=\\\"Blome:\\ Chorus\\ Delay\\\"",
					"JucePlugin_VSTNumMidiInputs=16",
					"JucePlugin_VSTNumMidiOutputs=16",
					"JucePlugin_ARAContentTypes=0",
					"JucePlugin_ARATransformationFlags=0",
					"JucePlugin_ARAFactoryID=\\\"com.Blome.ChorusDelay.factory\\\"",
					"JucePlugin_ARADocumentArchiveID=\\\"com.Blome.ChorusDelay.aradocumentarchive.1.0.0\\\"",
					"JucePlugin_ARACompatibleArchiveIDs=\\\"\\\"",
					"JUCE_STANDALONE_APPLICATION=JucePlugin_Build_Standalone",
					"JUCER_XCODE_MAC_F6D2F4CF=1",
					"JUCE_APP_VERSION=1.0.0",
					"JUCE_APP_VERSION_HEX=0x10000",
				);
				GCC_VERSION = com.apple.compilers.llvm.clang.1_0;
				HEADER_SEARCH_PATHS = (
					"/Users/jonasblome/Documents/JUCE/modules/juce_audio_processors/format_types/VST3_SDK",
					"$(SRCROOT)/../../JuceLibraryCode",
					"/Users/jonasblome/Documents/JUCE/modules",
					"/Users/jonasblome/Documents/JUCE/modules/juce_audio_plugin_client/AU",
					"$(inherited)",
				);
				INFOPLIST_FILE = Info-Standalone_Plugin.plist;
				INFOPLIST_PREPROCESS = NO;
				MACOSX_DEPLOYMENT_TARGET = 10.13;
				MTL_HEADER_SEARCH_PATHS = "/Users/jonasblome/Documents/JUCE/modules/juce_audio_processors/format_types/VST3_SDK $(SRCROOT)/../../JuceLibraryCode /Users/jonasblome/Documents/JUCE/modules /Users/jonasblome/Documents/JUCE/modules/juce_audio_plugin_client/AU";
				OTHER_LDFLAGS = "-lChorus\\ Delay -weak_framework Metal -weak_framework MetalKit";
				PRODUCT_BUNDLE_IDENTIFIER = com.Blome.ChorusDelay;
				PRODUCT_NAME = "Chorus Delay";
				USE_HEADERMAP = NO;
				VALID_ARCHS = "i386 x86_64 arm64 arm64e";
			};
			name = Debug;
		};
/* End XCBuildConfiguration section */

/* Begin XCConfigurationList section */
		152F99A65777E0FCFFBC98CF = {
			isa = XCConfigurationList;
			buildConfigurations = (
				832C2E56FC1BB188B7FC05E2,
				AC1E5C4B756ECD1003686079,
			);
			defaultConfigurationIsVisible = 0;
			defaultConfigurationName = Debug;
		};
		34D6DF69AE8DD1150984DC3B = {
			isa = XCConfigurationList;
			buildConfigurations = (
				3B98A51DDD4CC3EF1BF5AB61,
				AAF92CC4DA27A9DED5F6C29B,
			);
			defaultConfigurationIsVisible = 0;
			defaultConfigurationName = Debug;
		};
		4AD8A83AF57D4A254B24A275 = {
			isa = XCConfigurationList;
			buildConfigurations = (
				38A99373785A63C11F069A28,
				81BBC616317BCF7F51DC3D5D,
			);
			defaultConfigurationIsVisible = 0;
			defaultConfigurationName = Debug;
		};
		7C0A981533AB839F7693C073 = {
			isa = XCConfigurationList;
			buildConfigurations = (
				D6B5C988FDFFB2FB27C14C46,
				6B84EEA19E96A1179C2D4F78,
			);
			defaultConfigurationIsVisible = 0;
			defaultConfigurationName = Debug;
		};
		E59C18024BF6DCC0382418E8 = {
			isa = XCConfigurationList;
			buildConfigurations = (
				3E8E25ABA2FA12F788D160CD,
				AB2DF4A65984E86D4635B47B,
			);
			defaultConfigurationIsVisible = 0;
			defaultConfigurationName = Debug;
		};
		F67FDF30EFFBF1B5DEF91CB9 = {
			isa = XCConfigurationList;
			buildConfigurations = (
				1C13EE67F9F8ADAE467EDB9B,
				80FDB0BE8CDD068D3FDF177E,
			);
			defaultConfigurationIsVisible = 0;
			defaultConfigurationName = Debug;
		};
/* End XCConfigurationList section */
	};
	rootObject = D9DF24CEBB3AA0B7FB091EF0 /* Project object */;
}
